// !$*UTF8*$!
{
	archiveVersion = 1;
	classes = {
	};
	objectVersion = 56;
	objects = {

/* Begin PBXBuildFile section */
		A920C2882D24011400E4F9B1 /* NearFutureApp.swift in Sources */ = {isa = PBXBuildFile; fileRef = A920C2872D24011400E4F9B1 /* NearFutureApp.swift */; };
		A920C28C2D24011400E4F9B1 /* Item.swift in Sources */ = {isa = PBXBuildFile; fileRef = A920C28B2D24011400E4F9B1 /* Item.swift */; };
		A920C28E2D24011A00E4F9B1 /* Assets.xcassets in Resources */ = {isa = PBXBuildFile; fileRef = A920C28D2D24011A00E4F9B1 /* Assets.xcassets */; };
		A920C2922D24011A00E4F9B1 /* Preview Assets.xcassets in Resources */ = {isa = PBXBuildFile; fileRef = A920C2912D24011A00E4F9B1 /* Preview Assets.xcassets */; };
		A920C29C2D24011A00E4F9B1 /* NearFutureTests.swift in Sources */ = {isa = PBXBuildFile; fileRef = A920C29B2D24011A00E4F9B1 /* NearFutureTests.swift */; };
		A920C2A62D24011B00E4F9B1 /* NearFutureUITests.swift in Sources */ = {isa = PBXBuildFile; fileRef = A920C2A52D24011B00E4F9B1 /* NearFutureUITests.swift */; };
		A920C2A82D24011B00E4F9B1 /* NearFutureUITestsLaunchTests.swift in Sources */ = {isa = PBXBuildFile; fileRef = A920C2A72D24011B00E4F9B1 /* NearFutureUITestsLaunchTests.swift */; };
		A920C2B82D2401A300E4F9B1 /* SettingsView.swift in Sources */ = {isa = PBXBuildFile; fileRef = A920C2B42D2401A100E4F9B1 /* SettingsView.swift */; };
		A920C2BB2D2401A400E4F9B1 /* AddEventView.swift in Sources */ = {isa = PBXBuildFile; fileRef = A920C2B72D2401A300E4F9B1 /* AddEventView.swift */; };
		A920C2BE2D24021A00E4F9B1 /* SFSymbolsPicker in Frameworks */ = {isa = PBXBuildFile; productRef = A920C2BD2D24021A00E4F9B1 /* SFSymbolsPicker */; };
		A920C2C12D2403CA00E4F9B1 /* ContentView.swift in Sources */ = {isa = PBXBuildFile; fileRef = A920C2C02D2403CA00E4F9B1 /* ContentView.swift */; };
/* End PBXBuildFile section */

/* Begin PBXContainerItemProxy section */
		A920C2982D24011A00E4F9B1 /* PBXContainerItemProxy */ = {
			isa = PBXContainerItemProxy;
			containerPortal = A920C27C2D24011300E4F9B1 /* Project object */;
			proxyType = 1;
			remoteGlobalIDString = A920C2832D24011300E4F9B1;
			remoteInfo = NearFuture;
		};
		A920C2A22D24011B00E4F9B1 /* PBXContainerItemProxy */ = {
			isa = PBXContainerItemProxy;
			containerPortal = A920C27C2D24011300E4F9B1 /* Project object */;
			proxyType = 1;
			remoteGlobalIDString = A920C2832D24011300E4F9B1;
			remoteInfo = NearFuture;
		};
/* End PBXContainerItemProxy section */

/* Begin PBXFileReference section */
		A920C2842D24011400E4F9B1 /* NearFuture.app */ = {isa = PBXFileReference; explicitFileType = wrapper.application; includeInIndex = 0; path = NearFuture.app; sourceTree = BUILT_PRODUCTS_DIR; };
		A920C2872D24011400E4F9B1 /* NearFutureApp.swift */ = {isa = PBXFileReference; lastKnownFileType = sourcecode.swift; path = NearFutureApp.swift; sourceTree = "<group>"; };
		A920C28B2D24011400E4F9B1 /* Item.swift */ = {isa = PBXFileReference; lastKnownFileType = sourcecode.swift; path = Item.swift; sourceTree = "<group>"; };
		A920C28D2D24011A00E4F9B1 /* Assets.xcassets */ = {isa = PBXFileReference; lastKnownFileType = folder.assetcatalog; path = Assets.xcassets; sourceTree = "<group>"; };
		A920C28F2D24011A00E4F9B1 /* NearFuture.entitlements */ = {isa = PBXFileReference; lastKnownFileType = text.plist.entitlements; path = NearFuture.entitlements; sourceTree = "<group>"; };
		A920C2912D24011A00E4F9B1 /* Preview Assets.xcassets */ = {isa = PBXFileReference; lastKnownFileType = folder.assetcatalog; path = "Preview Assets.xcassets"; sourceTree = "<group>"; };
		A920C2972D24011A00E4F9B1 /* NearFutureTests.xctest */ = {isa = PBXFileReference; explicitFileType = wrapper.cfbundle; includeInIndex = 0; path = NearFutureTests.xctest; sourceTree = BUILT_PRODUCTS_DIR; };
		A920C29B2D24011A00E4F9B1 /* NearFutureTests.swift */ = {isa = PBXFileReference; lastKnownFileType = sourcecode.swift; path = NearFutureTests.swift; sourceTree = "<group>"; };
		A920C2A12D24011B00E4F9B1 /* NearFutureUITests.xctest */ = {isa = PBXFileReference; explicitFileType = wrapper.cfbundle; includeInIndex = 0; path = NearFutureUITests.xctest; sourceTree = BUILT_PRODUCTS_DIR; };
		A920C2A52D24011B00E4F9B1 /* NearFutureUITests.swift */ = {isa = PBXFileReference; lastKnownFileType = sourcecode.swift; path = NearFutureUITests.swift; sourceTree = "<group>"; };
		A920C2A72D24011B00E4F9B1 /* NearFutureUITestsLaunchTests.swift */ = {isa = PBXFileReference; lastKnownFileType = sourcecode.swift; path = NearFutureUITestsLaunchTests.swift; sourceTree = "<group>"; };
		A920C2B42D2401A100E4F9B1 /* SettingsView.swift */ = {isa = PBXFileReference; fileEncoding = 4; lastKnownFileType = sourcecode.swift; path = SettingsView.swift; sourceTree = "<group>"; };
		A920C2B72D2401A300E4F9B1 /* AddEventView.swift */ = {isa = PBXFileReference; fileEncoding = 4; lastKnownFileType = sourcecode.swift; path = AddEventView.swift; sourceTree = "<group>"; };
		A920C2C02D2403CA00E4F9B1 /* ContentView.swift */ = {isa = PBXFileReference; fileEncoding = 4; lastKnownFileType = sourcecode.swift; path = ContentView.swift; sourceTree = "<group>"; };
/* End PBXFileReference section */

/* Begin PBXFrameworksBuildPhase section */
		A920C2812D24011300E4F9B1 /* Frameworks */ = {
			isa = PBXFrameworksBuildPhase;
			buildActionMask = 2147483647;
			files = (
				A920C2BE2D24021A00E4F9B1 /* SFSymbolsPicker in Frameworks */,
			);
			runOnlyForDeploymentPostprocessing = 0;
		};
		A920C2942D24011A00E4F9B1 /* Frameworks */ = {
			isa = PBXFrameworksBuildPhase;
			buildActionMask = 2147483647;
			files = (
			);
			runOnlyForDeploymentPostprocessing = 0;
		};
		A920C29E2D24011B00E4F9B1 /* Frameworks */ = {
			isa = PBXFrameworksBuildPhase;
			buildActionMask = 2147483647;
			files = (
			);
			runOnlyForDeploymentPostprocessing = 0;
		};
/* End PBXFrameworksBuildPhase section */

/* Begin PBXGroup section */
		A920C27B2D24011300E4F9B1 = {
			isa = PBXGroup;
			children = (
				A920C2862D24011400E4F9B1 /* NearFuture */,
				A920C29A2D24011A00E4F9B1 /* NearFutureTests */,
				A920C2A42D24011B00E4F9B1 /* NearFutureUITests */,
				A920C2852D24011400E4F9B1 /* Products */,
			);
			sourceTree = "<group>";
		};
		A920C2852D24011400E4F9B1 /* Products */ = {
			isa = PBXGroup;
			children = (
				A920C2842D24011400E4F9B1 /* NearFuture.app */,
				A920C2972D24011A00E4F9B1 /* NearFutureTests.xctest */,
				A920C2A12D24011B00E4F9B1 /* NearFutureUITests.xctest */,
			);
			name = Products;
			sourceTree = "<group>";
		};
		A920C2862D24011400E4F9B1 /* NearFuture */ = {
			isa = PBXGroup;
			children = (
				A920C2B72D2401A300E4F9B1 /* AddEventView.swift */,
				A920C2C02D2403CA00E4F9B1 /* ContentView.swift */,
				A920C2B42D2401A100E4F9B1 /* SettingsView.swift */,
				A920C2872D24011400E4F9B1 /* NearFutureApp.swift */,
				A920C28B2D24011400E4F9B1 /* Item.swift */,
				A920C28D2D24011A00E4F9B1 /* Assets.xcassets */,
				A920C28F2D24011A00E4F9B1 /* NearFuture.entitlements */,
				A920C2902D24011A00E4F9B1 /* Preview Content */,
			);
			path = NearFuture;
			sourceTree = "<group>";
		};
		A920C2902D24011A00E4F9B1 /* Preview Content */ = {
			isa = PBXGroup;
			children = (
				A920C2912D24011A00E4F9B1 /* Preview Assets.xcassets */,
			);
			path = "Preview Content";
			sourceTree = "<group>";
		};
		A920C29A2D24011A00E4F9B1 /* NearFutureTests */ = {
			isa = PBXGroup;
			children = (
				A920C29B2D24011A00E4F9B1 /* NearFutureTests.swift */,
			);
			path = NearFutureTests;
			sourceTree = "<group>";
		};
		A920C2A42D24011B00E4F9B1 /* NearFutureUITests */ = {
			isa = PBXGroup;
			children = (
				A920C2A52D24011B00E4F9B1 /* NearFutureUITests.swift */,
				A920C2A72D24011B00E4F9B1 /* NearFutureUITestsLaunchTests.swift */,
			);
			path = NearFutureUITests;
			sourceTree = "<group>";
		};
/* End PBXGroup section */

/* Begin PBXNativeTarget section */
		A920C2832D24011300E4F9B1 /* NearFuture */ = {
			isa = PBXNativeTarget;
			buildConfigurationList = A920C2AB2D24011B00E4F9B1 /* Build configuration list for PBXNativeTarget "NearFuture" */;
			buildPhases = (
				A920C2802D24011300E4F9B1 /* Sources */,
				A920C2812D24011300E4F9B1 /* Frameworks */,
				A920C2822D24011300E4F9B1 /* Resources */,
			);
			buildRules = (
			);
			dependencies = (
			);
			name = NearFuture;
			packageProductDependencies = (
				A920C2BD2D24021A00E4F9B1 /* SFSymbolsPicker */,
			);
			productName = NearFuture;
			productReference = A920C2842D24011400E4F9B1 /* NearFuture.app */;
			productType = "com.apple.product-type.application";
		};
		A920C2962D24011A00E4F9B1 /* NearFutureTests */ = {
			isa = PBXNativeTarget;
			buildConfigurationList = A920C2AE2D24011B00E4F9B1 /* Build configuration list for PBXNativeTarget "NearFutureTests" */;
			buildPhases = (
				A920C2932D24011A00E4F9B1 /* Sources */,
				A920C2942D24011A00E4F9B1 /* Frameworks */,
				A920C2952D24011A00E4F9B1 /* Resources */,
			);
			buildRules = (
			);
			dependencies = (
				A920C2992D24011A00E4F9B1 /* PBXTargetDependency */,
			);
			name = NearFutureTests;
			productName = NearFutureTests;
			productReference = A920C2972D24011A00E4F9B1 /* NearFutureTests.xctest */;
			productType = "com.apple.product-type.bundle.unit-test";
		};
		A920C2A02D24011B00E4F9B1 /* NearFutureUITests */ = {
			isa = PBXNativeTarget;
			buildConfigurationList = A920C2B12D24011B00E4F9B1 /* Build configuration list for PBXNativeTarget "NearFutureUITests" */;
			buildPhases = (
				A920C29D2D24011B00E4F9B1 /* Sources */,
				A920C29E2D24011B00E4F9B1 /* Frameworks */,
				A920C29F2D24011B00E4F9B1 /* Resources */,
			);
			buildRules = (
			);
			dependencies = (
				A920C2A32D24011B00E4F9B1 /* PBXTargetDependency */,
			);
			name = NearFutureUITests;
			productName = NearFutureUITests;
			productReference = A920C2A12D24011B00E4F9B1 /* NearFutureUITests.xctest */;
			productType = "com.apple.product-type.bundle.ui-testing";
		};
/* End PBXNativeTarget section */

/* Begin PBXProject section */
		A920C27C2D24011300E4F9B1 /* Project object */ = {
			isa = PBXProject;
			attributes = {
				BuildIndependentTargetsInParallel = 1;
				LastSwiftUpdateCheck = 1540;
				LastUpgradeCheck = 1540;
				TargetAttributes = {
					A920C2832D24011300E4F9B1 = {
						CreatedOnToolsVersion = 15.4;
					};
					A920C2962D24011A00E4F9B1 = {
						CreatedOnToolsVersion = 15.4;
						TestTargetID = A920C2832D24011300E4F9B1;
					};
					A920C2A02D24011B00E4F9B1 = {
						CreatedOnToolsVersion = 15.4;
						TestTargetID = A920C2832D24011300E4F9B1;
					};
				};
			};
			buildConfigurationList = A920C27F2D24011300E4F9B1 /* Build configuration list for PBXProject "NearFuture" */;
			compatibilityVersion = "Xcode 14.0";
			developmentRegion = en;
			hasScannedForEncodings = 0;
			knownRegions = (
				en,
				Base,
			);
			mainGroup = A920C27B2D24011300E4F9B1;
			packageReferences = (
				A920C2BC2D24021900E4F9B1 /* XCRemoteSwiftPackageReference "SFSymbolsPicker" */,
			);
			productRefGroup = A920C2852D24011400E4F9B1 /* Products */;
			projectDirPath = "";
			projectRoot = "";
			targets = (
				A920C2832D24011300E4F9B1 /* NearFuture */,
				A920C2962D24011A00E4F9B1 /* NearFutureTests */,
				A920C2A02D24011B00E4F9B1 /* NearFutureUITests */,
			);
		};
/* End PBXProject section */

/* Begin PBXResourcesBuildPhase section */
		A920C2822D24011300E4F9B1 /* Resources */ = {
			isa = PBXResourcesBuildPhase;
			buildActionMask = 2147483647;
			files = (
				A920C2922D24011A00E4F9B1 /* Preview Assets.xcassets in Resources */,
				A920C28E2D24011A00E4F9B1 /* Assets.xcassets in Resources */,
			);
			runOnlyForDeploymentPostprocessing = 0;
		};
		A920C2952D24011A00E4F9B1 /* Resources */ = {
			isa = PBXResourcesBuildPhase;
			buildActionMask = 2147483647;
			files = (
			);
			runOnlyForDeploymentPostprocessing = 0;
		};
		A920C29F2D24011B00E4F9B1 /* Resources */ = {
			isa = PBXResourcesBuildPhase;
			buildActionMask = 2147483647;
			files = (
			);
			runOnlyForDeploymentPostprocessing = 0;
		};
/* End PBXResourcesBuildPhase section */

/* Begin PBXSourcesBuildPhase section */
		A920C2802D24011300E4F9B1 /* Sources */ = {
			isa = PBXSourcesBuildPhase;
			buildActionMask = 2147483647;
			files = (
				A920C2BB2D2401A400E4F9B1 /* AddEventView.swift in Sources */,
				A920C2C12D2403CA00E4F9B1 /* ContentView.swift in Sources */,
				A920C2B82D2401A300E4F9B1 /* SettingsView.swift in Sources */,
				A920C28C2D24011400E4F9B1 /* Item.swift in Sources */,
				A920C2882D24011400E4F9B1 /* NearFutureApp.swift in Sources */,
			);
			runOnlyForDeploymentPostprocessing = 0;
		};
		A920C2932D24011A00E4F9B1 /* Sources */ = {
			isa = PBXSourcesBuildPhase;
			buildActionMask = 2147483647;
			files = (
				A920C29C2D24011A00E4F9B1 /* NearFutureTests.swift in Sources */,
			);
			runOnlyForDeploymentPostprocessing = 0;
		};
		A920C29D2D24011B00E4F9B1 /* Sources */ = {
			isa = PBXSourcesBuildPhase;
			buildActionMask = 2147483647;
			files = (
				A920C2A62D24011B00E4F9B1 /* NearFutureUITests.swift in Sources */,
				A920C2A82D24011B00E4F9B1 /* NearFutureUITestsLaunchTests.swift in Sources */,
			);
			runOnlyForDeploymentPostprocessing = 0;
		};
/* End PBXSourcesBuildPhase section */

/* Begin PBXTargetDependency section */
		A920C2992D24011A00E4F9B1 /* PBXTargetDependency */ = {
			isa = PBXTargetDependency;
			target = A920C2832D24011300E4F9B1 /* NearFuture */;
			targetProxy = A920C2982D24011A00E4F9B1 /* PBXContainerItemProxy */;
		};
		A920C2A32D24011B00E4F9B1 /* PBXTargetDependency */ = {
			isa = PBXTargetDependency;
			target = A920C2832D24011300E4F9B1 /* NearFuture */;
			targetProxy = A920C2A22D24011B00E4F9B1 /* PBXContainerItemProxy */;
		};
/* End PBXTargetDependency section */

/* Begin XCBuildConfiguration section */
		A920C2A92D24011B00E4F9B1 /* Debug */ = {
			isa = XCBuildConfiguration;
			buildSettings = {
				ALWAYS_SEARCH_USER_PATHS = NO;
				ASSETCATALOG_COMPILER_GENERATE_SWIFT_ASSET_SYMBOL_EXTENSIONS = YES;
				CLANG_ANALYZER_NONNULL = YES;
				CLANG_ANALYZER_NUMBER_OBJECT_CONVERSION = YES_AGGRESSIVE;
				CLANG_CXX_LANGUAGE_STANDARD = "gnu++20";
				CLANG_ENABLE_MODULES = YES;
				CLANG_ENABLE_OBJC_ARC = YES;
				CLANG_ENABLE_OBJC_WEAK = YES;
				CLANG_WARN_BLOCK_CAPTURE_AUTORELEASING = YES;
				CLANG_WARN_BOOL_CONVERSION = YES;
				CLANG_WARN_COMMA = YES;
				CLANG_WARN_CONSTANT_CONVERSION = YES;
				CLANG_WARN_DEPRECATED_OBJC_IMPLEMENTATIONS = YES;
				CLANG_WARN_DIRECT_OBJC_ISA_USAGE = YES_ERROR;
				CLANG_WARN_DOCUMENTATION_COMMENTS = YES;
				CLANG_WARN_EMPTY_BODY = YES;
				CLANG_WARN_ENUM_CONVERSION = YES;
				CLANG_WARN_INFINITE_RECURSION = YES;
				CLANG_WARN_INT_CONVERSION = YES;
				CLANG_WARN_NON_LITERAL_NULL_CONVERSION = YES;
				CLANG_WARN_OBJC_IMPLICIT_RETAIN_SELF = YES;
				CLANG_WARN_OBJC_LITERAL_CONVERSION = YES;
				CLANG_WARN_OBJC_ROOT_CLASS = YES_ERROR;
				CLANG_WARN_QUOTED_INCLUDE_IN_FRAMEWORK_HEADER = YES;
				CLANG_WARN_RANGE_LOOP_ANALYSIS = YES;
				CLANG_WARN_STRICT_PROTOTYPES = YES;
				CLANG_WARN_SUSPICIOUS_MOVE = YES;
				CLANG_WARN_UNGUARDED_AVAILABILITY = YES_AGGRESSIVE;
				CLANG_WARN_UNREACHABLE_CODE = YES;
				CLANG_WARN__DUPLICATE_METHOD_MATCH = YES;
				COPY_PHASE_STRIP = NO;
				DEBUG_INFORMATION_FORMAT = dwarf;
				ENABLE_STRICT_OBJC_MSGSEND = YES;
				ENABLE_TESTABILITY = YES;
				ENABLE_USER_SCRIPT_SANDBOXING = YES;
				GCC_C_LANGUAGE_STANDARD = gnu17;
				GCC_DYNAMIC_NO_PIC = NO;
				GCC_NO_COMMON_BLOCKS = YES;
				GCC_OPTIMIZATION_LEVEL = 0;
				GCC_PREPROCESSOR_DEFINITIONS = (
					"DEBUG=1",
					"$(inherited)",
				);
				GCC_WARN_64_TO_32_BIT_CONVERSION = YES;
				GCC_WARN_ABOUT_RETURN_TYPE = YES_ERROR;
				GCC_WARN_UNDECLARED_SELECTOR = YES;
				GCC_WARN_UNINITIALIZED_AUTOS = YES_AGGRESSIVE;
				GCC_WARN_UNUSED_FUNCTION = YES;
				GCC_WARN_UNUSED_VARIABLE = YES;
				LOCALIZATION_PREFERS_STRING_CATALOGS = YES;
				MTL_ENABLE_DEBUG_INFO = INCLUDE_SOURCE;
				MTL_FAST_MATH = YES;
				ONLY_ACTIVE_ARCH = YES;
				SWIFT_ACTIVE_COMPILATION_CONDITIONS = "DEBUG $(inherited)";
				SWIFT_OPTIMIZATION_LEVEL = "-Onone";
			};
			name = Debug;
		};
		A920C2AA2D24011B00E4F9B1 /* Release */ = {
			isa = XCBuildConfiguration;
			buildSettings = {
				ALWAYS_SEARCH_USER_PATHS = NO;
				ASSETCATALOG_COMPILER_GENERATE_SWIFT_ASSET_SYMBOL_EXTENSIONS = YES;
				CLANG_ANALYZER_NONNULL = YES;
				CLANG_ANALYZER_NUMBER_OBJECT_CONVERSION = YES_AGGRESSIVE;
				CLANG_CXX_LANGUAGE_STANDARD = "gnu++20";
				CLANG_ENABLE_MODULES = YES;
				CLANG_ENABLE_OBJC_ARC = YES;
				CLANG_ENABLE_OBJC_WEAK = YES;
				CLANG_WARN_BLOCK_CAPTURE_AUTORELEASING = YES;
				CLANG_WARN_BOOL_CONVERSION = YES;
				CLANG_WARN_COMMA = YES;
				CLANG_WARN_CONSTANT_CONVERSION = YES;
				CLANG_WARN_DEPRECATED_OBJC_IMPLEMENTATIONS = YES;
				CLANG_WARN_DIRECT_OBJC_ISA_USAGE = YES_ERROR;
				CLANG_WARN_DOCUMENTATION_COMMENTS = YES;
				CLANG_WARN_EMPTY_BODY = YES;
				CLANG_WARN_ENUM_CONVERSION = YES;
				CLANG_WARN_INFINITE_RECURSION = YES;
				CLANG_WARN_INT_CONVERSION = YES;
				CLANG_WARN_NON_LITERAL_NULL_CONVERSION = YES;
				CLANG_WARN_OBJC_IMPLICIT_RETAIN_SELF = YES;
				CLANG_WARN_OBJC_LITERAL_CONVERSION = YES;
				CLANG_WARN_OBJC_ROOT_CLASS = YES_ERROR;
				CLANG_WARN_QUOTED_INCLUDE_IN_FRAMEWORK_HEADER = YES;
				CLANG_WARN_RANGE_LOOP_ANALYSIS = YES;
				CLANG_WARN_STRICT_PROTOTYPES = YES;
				CLANG_WARN_SUSPICIOUS_MOVE = YES;
				CLANG_WARN_UNGUARDED_AVAILABILITY = YES_AGGRESSIVE;
				CLANG_WARN_UNREACHABLE_CODE = YES;
				CLANG_WARN__DUPLICATE_METHOD_MATCH = YES;
				COPY_PHASE_STRIP = NO;
				DEBUG_INFORMATION_FORMAT = "dwarf-with-dsym";
				ENABLE_NS_ASSERTIONS = NO;
				ENABLE_STRICT_OBJC_MSGSEND = YES;
				ENABLE_USER_SCRIPT_SANDBOXING = YES;
				GCC_C_LANGUAGE_STANDARD = gnu17;
				GCC_NO_COMMON_BLOCKS = YES;
				GCC_WARN_64_TO_32_BIT_CONVERSION = YES;
				GCC_WARN_ABOUT_RETURN_TYPE = YES_ERROR;
				GCC_WARN_UNDECLARED_SELECTOR = YES;
				GCC_WARN_UNINITIALIZED_AUTOS = YES_AGGRESSIVE;
				GCC_WARN_UNUSED_FUNCTION = YES;
				GCC_WARN_UNUSED_VARIABLE = YES;
				LOCALIZATION_PREFERS_STRING_CATALOGS = YES;
				MTL_ENABLE_DEBUG_INFO = NO;
				MTL_FAST_MATH = YES;
				SWIFT_COMPILATION_MODE = wholemodule;
			};
			name = Release;
		};
		A920C2AC2D24011B00E4F9B1 /* Debug */ = {
			isa = XCBuildConfiguration;
			buildSettings = {
				ASSETCATALOG_COMPILER_APPICON_NAME = AppIcon;
				ASSETCATALOG_COMPILER_GLOBAL_ACCENT_COLOR_NAME = AccentColor;
				CODE_SIGN_ENTITLEMENTS = NearFuture/NearFuture.entitlements;
				CODE_SIGN_STYLE = Automatic;
				CURRENT_PROJECT_VERSION = 1;
				DEVELOPMENT_ASSET_PATHS = "\"NearFuture/Preview Content\"";
				DEVELOPMENT_TEAM = P6PV2R9443;
				ENABLE_HARDENED_RUNTIME = YES;
				ENABLE_PREVIEWS = YES;
				GENERATE_INFOPLIST_FILE = YES;
				"INFOPLIST_KEY_UIApplicationSceneManifest_Generation[sdk=iphoneos*]" = YES;
				"INFOPLIST_KEY_UIApplicationSceneManifest_Generation[sdk=iphonesimulator*]" = YES;
				"INFOPLIST_KEY_UIApplicationSupportsIndirectInputEvents[sdk=iphoneos*]" = YES;
				"INFOPLIST_KEY_UIApplicationSupportsIndirectInputEvents[sdk=iphonesimulator*]" = YES;
				"INFOPLIST_KEY_UILaunchScreen_Generation[sdk=iphoneos*]" = YES;
				"INFOPLIST_KEY_UILaunchScreen_Generation[sdk=iphonesimulator*]" = YES;
				"INFOPLIST_KEY_UIStatusBarStyle[sdk=iphoneos*]" = UIStatusBarStyleDefault;
				"INFOPLIST_KEY_UIStatusBarStyle[sdk=iphonesimulator*]" = UIStatusBarStyleDefault;
				INFOPLIST_KEY_UISupportedInterfaceOrientations_iPad = "UIInterfaceOrientationPortrait UIInterfaceOrientationPortraitUpsideDown UIInterfaceOrientationLandscapeLeft UIInterfaceOrientationLandscapeRight";
				INFOPLIST_KEY_UISupportedInterfaceOrientations_iPhone = "UIInterfaceOrientationPortrait UIInterfaceOrientationLandscapeLeft UIInterfaceOrientationLandscapeRight";
				IPHONEOS_DEPLOYMENT_TARGET = 17.5;
				LD_RUNPATH_SEARCH_PATHS = "@executable_path/Frameworks";
				"LD_RUNPATH_SEARCH_PATHS[sdk=macosx*]" = "@executable_path/../Frameworks";
				MACOSX_DEPLOYMENT_TARGET = 14.0;
				MARKETING_VERSION = 1.0;
				PRODUCT_BUNDLE_IDENTIFIER = dev.neon443.NearFuture;
				PRODUCT_NAME = "$(TARGET_NAME)";
				SDKROOT = auto;
				SUPPORTED_PLATFORMS = "iphoneos iphonesimulator macosx";
				SWIFT_EMIT_LOC_STRINGS = YES;
				SWIFT_VERSION = 5.0;
				TARGETED_DEVICE_FAMILY = "1,2";
			};
			name = Debug;
		};
		A920C2AD2D24011B00E4F9B1 /* Release */ = {
			isa = XCBuildConfiguration;
			buildSettings = {
				ASSETCATALOG_COMPILER_APPICON_NAME = AppIcon;
				ASSETCATALOG_COMPILER_GLOBAL_ACCENT_COLOR_NAME = AccentColor;
				CODE_SIGN_ENTITLEMENTS = NearFuture/NearFuture.entitlements;
				CODE_SIGN_STYLE = Automatic;
				CURRENT_PROJECT_VERSION = 1;
				DEVELOPMENT_ASSET_PATHS = "\"NearFuture/Preview Content\"";
				DEVELOPMENT_TEAM = P6PV2R9443;
				ENABLE_HARDENED_RUNTIME = YES;
				ENABLE_PREVIEWS = YES;
				GENERATE_INFOPLIST_FILE = YES;
				"INFOPLIST_KEY_UIApplicationSceneManifest_Generation[sdk=iphoneos*]" = YES;
				"INFOPLIST_KEY_UIApplicationSceneManifest_Generation[sdk=iphonesimulator*]" = YES;
				"INFOPLIST_KEY_UIApplicationSupportsIndirectInputEvents[sdk=iphoneos*]" = YES;
				"INFOPLIST_KEY_UIApplicationSupportsIndirectInputEvents[sdk=iphonesimulator*]" = YES;
				"INFOPLIST_KEY_UILaunchScreen_Generation[sdk=iphoneos*]" = YES;
				"INFOPLIST_KEY_UILaunchScreen_Generation[sdk=iphonesimulator*]" = YES;
				"INFOPLIST_KEY_UIStatusBarStyle[sdk=iphoneos*]" = UIStatusBarStyleDefault;
				"INFOPLIST_KEY_UIStatusBarStyle[sdk=iphonesimulator*]" = UIStatusBarStyleDefault;
				INFOPLIST_KEY_UISupportedInterfaceOrientations_iPad = "UIInterfaceOrientationPortrait UIInterfaceOrientationPortraitUpsideDown UIInterfaceOrientationLandscapeLeft UIInterfaceOrientationLandscapeRight";
				INFOPLIST_KEY_UISupportedInterfaceOrientations_iPhone = "UIInterfaceOrientationPortrait UIInterfaceOrientationLandscapeLeft UIInterfaceOrientationLandscapeRight";
				IPHONEOS_DEPLOYMENT_TARGET = 17.5;
				LD_RUNPATH_SEARCH_PATHS = "@executable_path/Frameworks";
				"LD_RUNPATH_SEARCH_PATHS[sdk=macosx*]" = "@executable_path/../Frameworks";
				MACOSX_DEPLOYMENT_TARGET = 14.0;
				MARKETING_VERSION = 1.0;
				PRODUCT_BUNDLE_IDENTIFIER = dev.neon443.NearFuture;
				PRODUCT_NAME = "$(TARGET_NAME)";
				SDKROOT = auto;
				SUPPORTED_PLATFORMS = "iphoneos iphonesimulator macosx";
				SWIFT_EMIT_LOC_STRINGS = YES;
				SWIFT_VERSION = 5.0;
				TARGETED_DEVICE_FAMILY = "1,2";
			};
			name = Release;
		};
		A920C2AF2D24011B00E4F9B1 /* Debug */ = {
			isa = XCBuildConfiguration;
			buildSettings = {
				ALWAYS_EMBED_SWIFT_STANDARD_LIBRARIES = YES;
				BUNDLE_LOADER = "$(TEST_HOST)";
				CODE_SIGN_STYLE = Automatic;
				CURRENT_PROJECT_VERSION = 1;
				DEVELOPMENT_TEAM = P6PV2R9443;
				GENERATE_INFOPLIST_FILE = YES;
				IPHONEOS_DEPLOYMENT_TARGET = 17.5;
				MACOSX_DEPLOYMENT_TARGET = 14.5;
				MARKETING_VERSION = 1.0;
				PRODUCT_BUNDLE_IDENTIFIER = dev.neon443.NearFutureTests;
				PRODUCT_NAME = "$(TARGET_NAME)";
				SDKROOT = auto;
				SUPPORTED_PLATFORMS = "iphoneos iphonesimulator macosx";
				SWIFT_EMIT_LOC_STRINGS = NO;
				SWIFT_VERSION = 5.0;
				TARGETED_DEVICE_FAMILY = "1,2";
				TEST_HOST = "$(BUILT_PRODUCTS_DIR)/NearFuture.app/$(BUNDLE_EXECUTABLE_FOLDER_PATH)/NearFuture";
			};
			name = Debug;
		};
		A920C2B02D24011B00E4F9B1 /* Release */ = {
			isa = XCBuildConfiguration;
			buildSettings = {
				ALWAYS_EMBED_SWIFT_STANDARD_LIBRARIES = YES;
				BUNDLE_LOADER = "$(TEST_HOST)";
				CODE_SIGN_STYLE = Automatic;
				CURRENT_PROJECT_VERSION = 1;
				DEVELOPMENT_TEAM = P6PV2R9443;
				GENERATE_INFOPLIST_FILE = YES;
				IPHONEOS_DEPLOYMENT_TARGET = 17.5;
				MACOSX_DEPLOYMENT_TARGET = 14.5;
				MARKETING_VERSION = 1.0;
				PRODUCT_BUNDLE_IDENTIFIER = dev.neon443.NearFutureTests;
				PRODUCT_NAME = "$(TARGET_NAME)";
				SDKROOT = auto;
				SUPPORTED_PLATFORMS = "iphoneos iphonesimulator macosx";
				SWIFT_EMIT_LOC_STRINGS = NO;
				SWIFT_VERSION = 5.0;
				TARGETED_DEVICE_FAMILY = "1,2";
				TEST_HOST = "$(BUILT_PRODUCTS_DIR)/NearFuture.app/$(BUNDLE_EXECUTABLE_FOLDER_PATH)/NearFuture";
			};
			name = Release;
		};
		A920C2B22D24011B00E4F9B1 /* Debug */ = {
			isa = XCBuildConfiguration;
			buildSettings = {
				ALWAYS_EMBED_SWIFT_STANDARD_LIBRARIES = YES;
				CODE_SIGN_STYLE = Automatic;
				CURRENT_PROJECT_VERSION = 1;
				DEVELOPMENT_TEAM = P6PV2R9443;
				GENERATE_INFOPLIST_FILE = YES;
				IPHONEOS_DEPLOYMENT_TARGET = 17.5;
				MACOSX_DEPLOYMENT_TARGET = 14.5;
				MARKETING_VERSION = 1.0;
				PRODUCT_BUNDLE_IDENTIFIER = dev.neon443.NearFutureUITests;
				PRODUCT_NAME = "$(TARGET_NAME)";
				SDKROOT = auto;
				SUPPORTED_PLATFORMS = "iphoneos iphonesimulator macosx";
				SWIFT_EMIT_LOC_STRINGS = NO;
				SWIFT_VERSION = 5.0;
				TARGETED_DEVICE_FAMILY = "1,2";
				TEST_TARGET_NAME = NearFuture;
			};
			name = Debug;
		};
		A920C2B32D24011B00E4F9B1 /* Release */ = {
			isa = XCBuildConfiguration;
			buildSettings = {
				ALWAYS_EMBED_SWIFT_STANDARD_LIBRARIES = YES;
				CODE_SIGN_STYLE = Automatic;
				CURRENT_PROJECT_VERSION = 1;
				DEVELOPMENT_TEAM = P6PV2R9443;
				GENERATE_INFOPLIST_FILE = YES;
				IPHONEOS_DEPLOYMENT_TARGET = 17.5;
				MACOSX_DEPLOYMENT_TARGET = 14.5;
				MARKETING_VERSION = 1.0;
				PRODUCT_BUNDLE_IDENTIFIER = dev.neon443.NearFutureUITests;
				PRODUCT_NAME = "$(TARGET_NAME)";
				SDKROOT = auto;
				SUPPORTED_PLATFORMS = "iphoneos iphonesimulator macosx";
				SWIFT_EMIT_LOC_STRINGS = NO;
				SWIFT_VERSION = 5.0;
				TARGETED_DEVICE_FAMILY = "1,2";
				TEST_TARGET_NAME = NearFuture;
			};
			name = Release;
		};
/* End XCBuildConfiguration section */

/* Begin XCConfigurationList section */
		A920C27F2D24011300E4F9B1 /* Build configuration list for PBXProject "NearFuture" */ = {
			isa = XCConfigurationList;
			buildConfigurations = (
				A920C2A92D24011B00E4F9B1 /* Debug */,
				A920C2AA2D24011B00E4F9B1 /* Release */,
			);
			defaultConfigurationIsVisible = 0;
			defaultConfigurationName = Release;
		};
		A920C2AB2D24011B00E4F9B1 /* Build configuration list for PBXNativeTarget "NearFuture" */ = {
			isa = XCConfigurationList;
			buildConfigurations = (
				A920C2AC2D24011B00E4F9B1 /* Debug */,
				A920C2AD2D24011B00E4F9B1 /* Release */,
			);
			defaultConfigurationIsVisible = 0;
			defaultConfigurationName = Release;
		};
		A920C2AE2D24011B00E4F9B1 /* Build configuration list for PBXNativeTarget "NearFutureTests" */ = {
			isa = XCConfigurationList;
			buildConfigurations = (
				A920C2AF2D24011B00E4F9B1 /* Debug */,
				A920C2B02D24011B00E4F9B1 /* Release */,
			);
			defaultConfigurationIsVisible = 0;
			defaultConfigurationName = Release;
		};
		A920C2B12D24011B00E4F9B1 /* Build configuration list for PBXNativeTarget "NearFutureUITests" */ = {
			isa = XCConfigurationList;
			buildConfigurations = (
				A920C2B22D24011B00E4F9B1 /* Debug */,
				A920C2B32D24011B00E4F9B1 /* Release */,
			);
			defaultConfigurationIsVisible = 0;
			defaultConfigurationName = Release;
		};
/* End XCConfigurationList section */

/* Begin XCRemoteSwiftPackageReference section */
		A920C2BC2D24021900E4F9B1 /* XCRemoteSwiftPackageReference "SFSymbolsPicker" */ = {
			isa = XCRemoteSwiftPackageReference;
			repositoryURL = "https://github.com/alessiorubicini/SFSymbolsPicker";
			requirement = {
				kind = upToNextMajorVersion;
				minimumVersion = 1.0.6;
			};
		};
/* End XCRemoteSwiftPackageReference section */

/* Begin XCSwiftPackageProductDependency section */
		A920C2BD2D24021A00E4F9B1 /* SFSymbolsPicker */ = {
			isa = XCSwiftPackageProductDependency;
			package = A920C2BC2D24021900E4F9B1 /* XCRemoteSwiftPackageReference "SFSymbolsPicker" */;
			productName = SFSymbolsPicker;
		};
/* End XCSwiftPackageProductDependency section */
	};
	rootObject = A920C27C2D24011300E4F9B1 /* Project object */;
}
