// !$*UTF8*$!
{
	archiveVersion = 1;
	classes = {
	};
	objectVersion = 70;
	objects = {

/* Begin PBXBuildFile section */
		A91288592D1C7E3000912B3C /* SFSymbolsPicker in Frameworks */ = {isa = PBXBuildFile; productRef = A91288582D1C7E3000912B3C /* SFSymbolsPicker */; };
/* End PBXBuildFile section */

/* Begin PBXContainerItemProxy section */
		A9B4BFDC2D1AE66700212CE2 /* PBXContainerItemProxy */ = {
			isa = PBXContainerItemProxy;
			containerPortal = A9B4BFC02D1AE66000212CE2 /* Project object */;
			proxyType = 1;
			remoteGlobalIDString = A9B4BFC72D1AE66000212CE2;
			remoteInfo = NearFuture;
		};
		A9B4BFE62D1AE66700212CE2 /* PBXContainerItemProxy */ = {
			isa = PBXContainerItemProxy;
			containerPortal = A9B4BFC02D1AE66000212CE2 /* Project object */;
			proxyType = 1;
			remoteGlobalIDString = A9B4BFC72D1AE66000212CE2;
			remoteInfo = NearFuture;
		};
/* End PBXContainerItemProxy section */

/* Begin PBXFileReference section */
		A9B4BFC82D1AE66000212CE2 /* NearFuture.app */ = {isa = PBXFileReference; explicitFileType = wrapper.application; includeInIndex = 0; path = NearFuture.app; sourceTree = BUILT_PRODUCTS_DIR; };
		A9B4BFDB2D1AE66700212CE2 /* NearFutureTests.xctest */ = {isa = PBXFileReference; explicitFileType = wrapper.cfbundle; includeInIndex = 0; path = NearFutureTests.xctest; sourceTree = BUILT_PRODUCTS_DIR; };
		A9B4BFE52D1AE66700212CE2 /* NearFutureUITests.xctest */ = {isa = PBXFileReference; explicitFileType = wrapper.cfbundle; includeInIndex = 0; path = NearFutureUITests.xctest; sourceTree = BUILT_PRODUCTS_DIR; };
/* End PBXFileReference section */

/* Begin PBXFileSystemSynchronizedRootGroup section */
		A9B4BFCA2D1AE66000212CE2 /* NearFuture */ = {isa = PBXFileSystemSynchronizedRootGroup; explicitFileTypes = {}; explicitFolders = (); path = NearFuture; sourceTree = "<group>"; };
		A9B4BFDE2D1AE66700212CE2 /* NearFutureTests */ = {isa = PBXFileSystemSynchronizedRootGroup; explicitFileTypes = {}; explicitFolders = (); path = NearFutureTests; sourceTree = "<group>"; };
		A9B4BFE82D1AE66700212CE2 /* NearFutureUITests */ = {isa = PBXFileSystemSynchronizedRootGroup; explicitFileTypes = {}; explicitFolders = (); path = NearFutureUITests; sourceTree = "<group>"; };
/* End PBXFileSystemSynchronizedRootGroup section */

/* Begin PBXFrameworksBuildPhase section */
		A9B4BFC52D1AE66000212CE2 /* Frameworks */ = {
			isa = PBXFrameworksBuildPhase;
			buildActionMask = 2147483647;
			files = (
				A91288592D1C7E3000912B3C /* SFSymbolsPicker in Frameworks */,
			);
			runOnlyForDeploymentPostprocessing = 0;
		};
		A9B4BFD82D1AE66700212CE2 /* Frameworks */ = {
			isa = PBXFrameworksBuildPhase;
			buildActionMask = 2147483647;
			files = (
			);
			runOnlyForDeploymentPostprocessing = 0;
		};
		A9B4BFE22D1AE66700212CE2 /* Frameworks */ = {
			isa = PBXFrameworksBuildPhase;
			buildActionMask = 2147483647;
			files = (
			);
			runOnlyForDeploymentPostprocessing = 0;
		};
/* End PBXFrameworksBuildPhase section */

/* Begin PBXGroup section */
		A9B4BFBF2D1AE66000212CE2 = {
			isa = PBXGroup;
			children = (
				A9B4BFCA2D1AE66000212CE2 /* NearFuture */,
				A9B4BFDE2D1AE66700212CE2 /* NearFutureTests */,
				A9B4BFE82D1AE66700212CE2 /* NearFutureUITests */,
				A9B4BFC92D1AE66000212CE2 /* Products */,
			);
			sourceTree = "<group>";
		};
		A9B4BFC92D1AE66000212CE2 /* Products */ = {
			isa = PBXGroup;
			children = (
				A9B4BFC82D1AE66000212CE2 /* NearFuture.app */,
				A9B4BFDB2D1AE66700212CE2 /* NearFutureTests.xctest */,
				A9B4BFE52D1AE66700212CE2 /* NearFutureUITests.xctest */,
			);
			name = Products;
			sourceTree = "<group>";
		};
/* End PBXGroup section */

/* Begin PBXNativeTarget section */
		A9B4BFC72D1AE66000212CE2 /* NearFuture */ = {
			isa = PBXNativeTarget;
			buildConfigurationList = A9B4BFEF2D1AE66700212CE2 /* Build configuration list for PBXNativeTarget "NearFuture" */;
			buildPhases = (
				A9B4BFC42D1AE66000212CE2 /* Sources */,
				A9B4BFC52D1AE66000212CE2 /* Frameworks */,
				A9B4BFC62D1AE66000212CE2 /* Resources */,
			);
			buildRules = (
			);
			dependencies = (
			);
			fileSystemSynchronizedGroups = (
				A9B4BFCA2D1AE66000212CE2 /* NearFuture */,
			);
			name = NearFuture;
			packageProductDependencies = (
				A91288582D1C7E3000912B3C /* SFSymbolsPicker */,
			);
			productName = NearFuture;
			productReference = A9B4BFC82D1AE66000212CE2 /* NearFuture.app */;
			productType = "com.apple.product-type.application";
		};
		A9B4BFDA2D1AE66700212CE2 /* NearFutureTests */ = {
			isa = PBXNativeTarget;
			buildConfigurationList = A9B4BFF22D1AE66700212CE2 /* Build configuration list for PBXNativeTarget "NearFutureTests" */;
			buildPhases = (
				A9B4BFD72D1AE66700212CE2 /* Sources */,
				A9B4BFD82D1AE66700212CE2 /* Frameworks */,
				A9B4BFD92D1AE66700212CE2 /* Resources */,
			);
			buildRules = (
			);
			dependencies = (
				A9B4BFDD2D1AE66700212CE2 /* PBXTargetDependency */,
			);
			fileSystemSynchronizedGroups = (
				A9B4BFDE2D1AE66700212CE2 /* NearFutureTests */,
			);
			name = NearFutureTests;
			packageProductDependencies = (
			);
			productName = NearFutureTests;
			productReference = A9B4BFDB2D1AE66700212CE2 /* NearFutureTests.xctest */;
			productType = "com.apple.product-type.bundle.unit-test";
		};
		A9B4BFE42D1AE66700212CE2 /* NearFutureUITests */ = {
			isa = PBXNativeTarget;
			buildConfigurationList = A9B4BFF52D1AE66700212CE2 /* Build configuration list for PBXNativeTarget "NearFutureUITests" */;
			buildPhases = (
				A9B4BFE12D1AE66700212CE2 /* Sources */,
				A9B4BFE22D1AE66700212CE2 /* Frameworks */,
				A9B4BFE32D1AE66700212CE2 /* Resources */,
			);
			buildRules = (
			);
			dependencies = (
				A9B4BFE72D1AE66700212CE2 /* PBXTargetDependency */,
			);
			fileSystemSynchronizedGroups = (
				A9B4BFE82D1AE66700212CE2 /* NearFutureUITests */,
			);
			name = NearFutureUITests;
			packageProductDependencies = (
			);
			productName = NearFutureUITests;
			productReference = A9B4BFE52D1AE66700212CE2 /* NearFutureUITests.xctest */;
			productType = "com.apple.product-type.bundle.ui-testing";
		};
/* End PBXNativeTarget section */

/* Begin PBXProject section */
		A9B4BFC02D1AE66000212CE2 /* Project object */ = {
			isa = PBXProject;
			attributes = {
				BuildIndependentTargetsInParallel = 1;
				LastSwiftUpdateCheck = 1620;
				LastUpgradeCheck = 1620;
				TargetAttributes = {
					A9B4BFC72D1AE66000212CE2 = {
						CreatedOnToolsVersion = 16.2;
					};
					A9B4BFDA2D1AE66700212CE2 = {
						CreatedOnToolsVersion = 16.2;
						TestTargetID = A9B4BFC72D1AE66000212CE2;
					};
					A9B4BFE42D1AE66700212CE2 = {
						CreatedOnToolsVersion = 16.2;
						TestTargetID = A9B4BFC72D1AE66000212CE2;
					};
				};
			};
			buildConfigurationList = A9B4BFC32D1AE66000212CE2 /* Build configuration list for PBXProject "NearFuture" */;
			compatibilityVersion = "Xcode 15.3";
			developmentRegion = en;
			hasScannedForEncodings = 0;
			knownRegions = (
				en,
				Base,
			);
			mainGroup = A9B4BFBF2D1AE66000212CE2;
			minimizedProjectReferenceProxies = 1;
			packageReferences = (
				A91288572D1C7E3000912B3C /* XCRemoteSwiftPackageReference "SFSymbolsPicker" */,
			);
			productRefGroup = A9B4BFC92D1AE66000212CE2 /* Products */;
			projectDirPath = "";
			projectRoot = "";
			targets = (
				A9B4BFC72D1AE66000212CE2 /* NearFuture */,
				A9B4BFDA2D1AE66700212CE2 /* NearFutureTests */,
				A9B4BFE42D1AE66700212CE2 /* NearFutureUITests */,
			);
		};
/* End PBXProject section */

/* Begin PBXResourcesBuildPhase section */
		A9B4BFC62D1AE66000212CE2 /* Resources */ = {
			isa = PBXResourcesBuildPhase;
			buildActionMask = 2147483647;
			files = (
			);
			runOnlyForDeploymentPostprocessing = 0;
		};
		A9B4BFD92D1AE66700212CE2 /* Resources */ = {
			isa = PBXResourcesBuildPhase;
			buildActionMask = 2147483647;
			files = (
			);
			runOnlyForDeploymentPostprocessing = 0;
		};
		A9B4BFE32D1AE66700212CE2 /* Resources */ = {
			isa = PBXResourcesBuildPhase;
			buildActionMask = 2147483647;
			files = (
			);
			runOnlyForDeploymentPostprocessing = 0;
		};
/* End PBXResourcesBuildPhase section */

/* Begin PBXSourcesBuildPhase section */
		A9B4BFC42D1AE66000212CE2 /* Sources */ = {
			isa = PBXSourcesBuildPhase;
			buildActionMask = 2147483647;
			files = (
			);
			runOnlyForDeploymentPostprocessing = 0;
		};
		A9B4BFD72D1AE66700212CE2 /* Sources */ = {
			isa = PBXSourcesBuildPhase;
			buildActionMask = 2147483647;
			files = (
			);
			runOnlyForDeploymentPostprocessing = 0;
		};
		A9B4BFE12D1AE66700212CE2 /* Sources */ = {
			isa = PBXSourcesBuildPhase;
			buildActionMask = 2147483647;
			files = (
			);
			runOnlyForDeploymentPostprocessing = 0;
		};
/* End PBXSourcesBuildPhase section */

/* Begin PBXTargetDependency section */
		A9B4BFDD2D1AE66700212CE2 /* PBXTargetDependency */ = {
			isa = PBXTargetDependency;
			target = A9B4BFC72D1AE66000212CE2 /* NearFuture */;
			targetProxy = A9B4BFDC2D1AE66700212CE2 /* PBXContainerItemProxy */;
		};
		A9B4BFE72D1AE66700212CE2 /* PBXTargetDependency */ = {
			isa = PBXTargetDependency;
			target = A9B4BFC72D1AE66000212CE2 /* NearFuture */;
			targetProxy = A9B4BFE62D1AE66700212CE2 /* PBXContainerItemProxy */;
		};
/* End PBXTargetDependency section */

/* Begin XCBuildConfiguration section */
		A9B4BFED2D1AE66700212CE2 /* Debug */ = {
			isa = XCBuildConfiguration;
			buildSettings = {
				ALWAYS_SEARCH_USER_PATHS = NO;
				ASSETCATALOG_COMPILER_GENERATE_SWIFT_ASSET_SYMBOL_EXTENSIONS = YES;
				CLANG_ANALYZER_NONNULL = YES;
				CLANG_ANALYZER_NUMBER_OBJECT_CONVERSION = YES_AGGRESSIVE;
				CLANG_CXX_LANGUAGE_STANDARD = "gnu++20";
				CLANG_ENABLE_MODULES = YES;
				CLANG_ENABLE_OBJC_ARC = YES;
				CLANG_ENABLE_OBJC_WEAK = YES;
				CLANG_WARN_BLOCK_CAPTURE_AUTORELEASING = YES;
				CLANG_WARN_BOOL_CONVERSION = YES;
				CLANG_WARN_COMMA = YES;
				CLANG_WARN_CONSTANT_CONVERSION = YES;
				CLANG_WARN_DEPRECATED_OBJC_IMPLEMENTATIONS = YES;
				CLANG_WARN_DIRECT_OBJC_ISA_USAGE = YES_ERROR;
				CLANG_WARN_DOCUMENTATION_COMMENTS = YES;
				CLANG_WARN_EMPTY_BODY = YES;
				CLANG_WARN_ENUM_CONVERSION = YES;
				CLANG_WARN_INFINITE_RECURSION = YES;
				CLANG_WARN_INT_CONVERSION = YES;
				CLANG_WARN_NON_LITERAL_NULL_CONVERSION = YES;
				CLANG_WARN_OBJC_IMPLICIT_RETAIN_SELF = YES;
				CLANG_WARN_OBJC_LITERAL_CONVERSION = YES;
				CLANG_WARN_OBJC_ROOT_CLASS = YES_ERROR;
				CLANG_WARN_QUOTED_INCLUDE_IN_FRAMEWORK_HEADER = YES;
				CLANG_WARN_RANGE_LOOP_ANALYSIS = YES;
				CLANG_WARN_STRICT_PROTOTYPES = YES;
				CLANG_WARN_SUSPICIOUS_MOVE = YES;
				CLANG_WARN_UNGUARDED_AVAILABILITY = YES_AGGRESSIVE;
				CLANG_WARN_UNREACHABLE_CODE = YES;
				CLANG_WARN__DUPLICATE_METHOD_MATCH = YES;
				COPY_PHASE_STRIP = NO;
				DEBUG_INFORMATION_FORMAT = dwarf;
				ENABLE_HARDENED_RUNTIME = YES;
				ENABLE_STRICT_OBJC_MSGSEND = YES;
				ENABLE_TESTABILITY = YES;
				ENABLE_USER_SCRIPT_SANDBOXING = YES;
				GCC_C_LANGUAGE_STANDARD = gnu17;
				GCC_DYNAMIC_NO_PIC = NO;
				GCC_NO_COMMON_BLOCKS = YES;
				GCC_OPTIMIZATION_LEVEL = 0;
				GCC_PREPROCESSOR_DEFINITIONS = (
					"DEBUG=1",
					"$(inherited)",
				);
				GCC_WARN_64_TO_32_BIT_CONVERSION = YES;
				GCC_WARN_ABOUT_RETURN_TYPE = YES_ERROR;
				GCC_WARN_UNDECLARED_SELECTOR = YES;
				GCC_WARN_UNINITIALIZED_AUTOS = YES_AGGRESSIVE;
				GCC_WARN_UNUSED_FUNCTION = YES;
				GCC_WARN_UNUSED_VARIABLE = YES;
				LOCALIZATION_PREFERS_STRING_CATALOGS = YES;
				MTL_ENABLE_DEBUG_INFO = INCLUDE_SOURCE;
				MTL_FAST_MATH = YES;
				ONLY_ACTIVE_ARCH = YES;
				SWIFT_ACTIVE_COMPILATION_CONDITIONS = "DEBUG $(inherited)";
				SWIFT_OPTIMIZATION_LEVEL = "-Onone";
			};
			name = Debug;
		};
		A9B4BFEE2D1AE66700212CE2 /* Release */ = {
			isa = XCBuildConfiguration;
			buildSettings = {
				ALWAYS_SEARCH_USER_PATHS = NO;
				ASSETCATALOG_COMPILER_GENERATE_SWIFT_ASSET_SYMBOL_EXTENSIONS = YES;
				CLANG_ANALYZER_NONNULL = YES;
				CLANG_ANALYZER_NUMBER_OBJECT_CONVERSION = YES_AGGRESSIVE;
				CLANG_CXX_LANGUAGE_STANDARD = "gnu++20";
				CLANG_ENABLE_MODULES = YES;
				CLANG_ENABLE_OBJC_ARC = YES;
				CLANG_ENABLE_OBJC_WEAK = YES;
				CLANG_WARN_BLOCK_CAPTURE_AUTORELEASING = YES;
				CLANG_WARN_BOOL_CONVERSION = YES;
				CLANG_WARN_COMMA = YES;
				CLANG_WARN_CONSTANT_CONVERSION = YES;
				CLANG_WARN_DEPRECATED_OBJC_IMPLEMENTATIONS = YES;
				CLANG_WARN_DIRECT_OBJC_ISA_USAGE = YES_ERROR;
				CLANG_WARN_DOCUMENTATION_COMMENTS = YES;
				CLANG_WARN_EMPTY_BODY = YES;
				CLANG_WARN_ENUM_CONVERSION = YES;
				CLANG_WARN_INFINITE_RECURSION = YES;
				CLANG_WARN_INT_CONVERSION = YES;
				CLANG_WARN_NON_LITERAL_NULL_CONVERSION = YES;
				CLANG_WARN_OBJC_IMPLICIT_RETAIN_SELF = YES;
				CLANG_WARN_OBJC_LITERAL_CONVERSION = YES;
				CLANG_WARN_OBJC_ROOT_CLASS = YES_ERROR;
				CLANG_WARN_QUOTED_INCLUDE_IN_FRAMEWORK_HEADER = YES;
				CLANG_WARN_RANGE_LOOP_ANALYSIS = YES;
				CLANG_WARN_STRICT_PROTOTYPES = YES;
				CLANG_WARN_SUSPICIOUS_MOVE = YES;
				CLANG_WARN_UNGUARDED_AVAILABILITY = YES_AGGRESSIVE;
				CLANG_WARN_UNREACHABLE_CODE = YES;
				CLANG_WARN__DUPLICATE_METHOD_MATCH = YES;
				COPY_PHASE_STRIP = NO;
				DEBUG_INFORMATION_FORMAT = "dwarf-with-dsym";
				ENABLE_HARDENED_RUNTIME = YES;
				ENABLE_NS_ASSERTIONS = NO;
				ENABLE_STRICT_OBJC_MSGSEND = YES;
				ENABLE_USER_SCRIPT_SANDBOXING = YES;
				GCC_C_LANGUAGE_STANDARD = gnu17;
				GCC_NO_COMMON_BLOCKS = YES;
				GCC_WARN_64_TO_32_BIT_CONVERSION = YES;
				GCC_WARN_ABOUT_RETURN_TYPE = YES_ERROR;
				GCC_WARN_UNDECLARED_SELECTOR = YES;
				GCC_WARN_UNINITIALIZED_AUTOS = YES_AGGRESSIVE;
				GCC_WARN_UNUSED_FUNCTION = YES;
				GCC_WARN_UNUSED_VARIABLE = YES;
				LOCALIZATION_PREFERS_STRING_CATALOGS = YES;
				MTL_ENABLE_DEBUG_INFO = NO;
				MTL_FAST_MATH = YES;
				SWIFT_COMPILATION_MODE = wholemodule;
			};
			name = Release;
		};
		A9B4BFF02D1AE66700212CE2 /* Debug */ = {
			isa = XCBuildConfiguration;
			buildSettings = {
				ASSETCATALOG_COMPILER_APPICON_NAME = AppIcon;
				ASSETCATALOG_COMPILER_GLOBAL_ACCENT_COLOR_NAME = AccentColor;
				CLANG_CXX_STANDARD_LIBRARY_HARDENING = none;
				CODE_SIGN_ENTITLEMENTS = NearFuture/NearFuture.entitlements;
				CODE_SIGN_IDENTITY = "Apple Development";
				CODE_SIGN_STYLE = Automatic;
				CURRENT_PROJECT_VERSION = 1;
				DEVELOPMENT_ASSET_PATHS = "\"NearFuture/Preview Content\"";
				DEVELOPMENT_TEAM = P6PV2R9443;
				ENABLE_HARDENED_RUNTIME = NO;
				ENABLE_PREVIEWS = YES;
				GENERATE_INFOPLIST_FILE = YES;
				"INFOPLIST_KEY_UIApplicationSceneManifest_Generation[sdk=iphoneos*]" = YES;
				"INFOPLIST_KEY_UIApplicationSceneManifest_Generation[sdk=iphonesimulator*]" = YES;
				"INFOPLIST_KEY_UIApplicationSupportsIndirectInputEvents[sdk=iphoneos*]" = YES;
				"INFOPLIST_KEY_UIApplicationSupportsIndirectInputEvents[sdk=iphonesimulator*]" = YES;
				"INFOPLIST_KEY_UILaunchScreen_Generation[sdk=iphoneos*]" = YES;
				"INFOPLIST_KEY_UILaunchScreen_Generation[sdk=iphonesimulator*]" = YES;
				"INFOPLIST_KEY_UIStatusBarStyle[sdk=iphoneos*]" = UIStatusBarStyleDefault;
				"INFOPLIST_KEY_UIStatusBarStyle[sdk=iphonesimulator*]" = UIStatusBarStyleDefault;
				INFOPLIST_KEY_UISupportedInterfaceOrientations_iPad = "UIInterfaceOrientationPortrait UIInterfaceOrientationPortraitUpsideDown UIInterfaceOrientationLandscapeLeft UIInterfaceOrientationLandscapeRight";
				INFOPLIST_KEY_UISupportedInterfaceOrientations_iPhone = "UIInterfaceOrientationPortrait UIInterfaceOrientationLandscapeLeft UIInterfaceOrientationLandscapeRight";
				IPHONEOS_DEPLOYMENT_TARGET = 17;
				LD_RUNPATH_SEARCH_PATHS = "@executable_path/Frameworks";
				"LD_RUNPATH_SEARCH_PATHS[sdk=macosx*]" = "@executable_path/../Frameworks";
				MACOSX_DEPLOYMENT_TARGET = 14.0;
				MARKETING_VERSION = 1.0;
				PRODUCT_BUNDLE_IDENTIFIER = com.hack.NearFuture;
				PRODUCT_NAME = "$(TARGET_NAME)";
				PROVISIONING_PROFILE_SPECIFIER = "";
				SDKROOT = auto;
				SUPPORTED_PLATFORMS = "iphoneos iphonesimulator macosx xros xrsimulator";
				SWIFT_EMIT_LOC_STRINGS = YES;
				SWIFT_VERSION = 5.0;
				TARGETED_DEVICE_FAMILY = "1,2,7";
				XROS_DEPLOYMENT_TARGET = 2.2;
			};
			name = Debug;
		};
		A9B4BFF12D1AE66700212CE2 /* Release */ = {
			isa = XCBuildConfiguration;
			buildSettings = {
				ASSETCATALOG_COMPILER_APPICON_NAME = AppIcon;
				ASSETCATALOG_COMPILER_GLOBAL_ACCENT_COLOR_NAME = AccentColor;
				CODE_SIGN_ENTITLEMENTS = NearFuture/NearFuture.entitlements;
				CODE_SIGN_IDENTITY = "Apple Development";
				CODE_SIGN_STYLE = Automatic;
				CURRENT_PROJECT_VERSION = 1;
				DEVELOPMENT_ASSET_PATHS = "\"NearFuture/Preview Content\"";
				DEVELOPMENT_TEAM = P6PV2R9443;
				ENABLE_HARDENED_RUNTIME = NO;
				ENABLE_PREVIEWS = YES;
				GENERATE_INFOPLIST_FILE = YES;
				"INFOPLIST_KEY_UIApplicationSceneManifest_Generation[sdk=iphoneos*]" = YES;
				"INFOPLIST_KEY_UIApplicationSceneManifest_Generation[sdk=iphonesimulator*]" = YES;
				"INFOPLIST_KEY_UIApplicationSupportsIndirectInputEvents[sdk=iphoneos*]" = YES;
				"INFOPLIST_KEY_UIApplicationSupportsIndirectInputEvents[sdk=iphonesimulator*]" = YES;
				"INFOPLIST_KEY_UILaunchScreen_Generation[sdk=iphoneos*]" = YES;
				"INFOPLIST_KEY_UILaunchScreen_Generation[sdk=iphonesimulator*]" = YES;
				"INFOPLIST_KEY_UIStatusBarStyle[sdk=iphoneos*]" = UIStatusBarStyleDefault;
				"INFOPLIST_KEY_UIStatusBarStyle[sdk=iphonesimulator*]" = UIStatusBarStyleDefault;
				INFOPLIST_KEY_UISupportedInterfaceOrientations_iPad = "UIInterfaceOrientationPortrait UIInterfaceOrientationPortraitUpsideDown UIInterfaceOrientationLandscapeLeft UIInterfaceOrientationLandscapeRight";
				INFOPLIST_KEY_UISupportedInterfaceOrientations_iPhone = "UIInterfaceOrientationPortrait UIInterfaceOrientationLandscapeLeft UIInterfaceOrientationLandscapeRight";
				IPHONEOS_DEPLOYMENT_TARGET = 17;
				LD_RUNPATH_SEARCH_PATHS = "@executable_path/Frameworks";
				"LD_RUNPATH_SEARCH_PATHS[sdk=macosx*]" = "@executable_path/../Frameworks";
				MACOSX_DEPLOYMENT_TARGET = 14.0;
				MARKETING_VERSION = 1.0;
				PRODUCT_BUNDLE_IDENTIFIER = com.hack.NearFuture;
				PRODUCT_NAME = "$(TARGET_NAME)";
				SDKROOT = auto;
				SUPPORTED_PLATFORMS = "iphoneos iphonesimulator macosx xros xrsimulator";
				SWIFT_EMIT_LOC_STRINGS = YES;
				SWIFT_VERSION = 5.0;
				TARGETED_DEVICE_FAMILY = "1,2,7";
				XROS_DEPLOYMENT_TARGET = 2.2;
			};
			name = Release;
		};
		A9B4BFF32D1AE66700212CE2 /* Debug */ = {
			isa = XCBuildConfiguration;
			buildSettings = {
				BUNDLE_LOADER = "$(TEST_HOST)";
				CODE_SIGN_STYLE = Automatic;
				CURRENT_PROJECT_VERSION = 1;
				DEVELOPMENT_TEAM = 85Q9QG6DN7;
				GENERATE_INFOPLIST_FILE = YES;
				IPHONEOS_DEPLOYMENT_TARGET = 17;
				MACOSX_DEPLOYMENT_TARGET = 14;
				MARKETING_VERSION = 1.0;
				PRODUCT_BUNDLE_IDENTIFIER = com.neon443.NearFuture;
				PRODUCT_NAME = "$(TARGET_NAME)";
				SDKROOT = auto;
				SUPPORTED_PLATFORMS = "iphoneos iphonesimulator macosx xros xrsimulator";
				SWIFT_EMIT_LOC_STRINGS = NO;
				SWIFT_VERSION = 5.0;
				TARGETED_DEVICE_FAMILY = "1,2,7";
				TEST_HOST = "$(BUILT_PRODUCTS_DIR)/NearFuture.app/$(BUNDLE_EXECUTABLE_FOLDER_PATH)/NearFuture";
				XROS_DEPLOYMENT_TARGET = 1;
			};
			name = Debug;
		};
		A9B4BFF42D1AE66700212CE2 /* Release */ = {
			isa = XCBuildConfiguration;
			buildSettings = {
				BUNDLE_LOADER = "$(TEST_HOST)";
				CODE_SIGN_STYLE = Automatic;
				CURRENT_PROJECT_VERSION = 1;
				DEVELOPMENT_TEAM = 85Q9QG6DN7;
				GENERATE_INFOPLIST_FILE = YES;
				IPHONEOS_DEPLOYMENT_TARGET = 17;
				MACOSX_DEPLOYMENT_TARGET = 14;
				MARKETING_VERSION = 1.0;
				PRODUCT_BUNDLE_IDENTIFIER = com.neon443.NearFuture;
				PRODUCT_NAME = "$(TARGET_NAME)";
				SDKROOT = auto;
				SUPPORTED_PLATFORMS = "iphoneos iphonesimulator macosx xros xrsimulator";
				SWIFT_EMIT_LOC_STRINGS = NO;
				SWIFT_VERSION = 5.0;
				TARGETED_DEVICE_FAMILY = "1,2,7";
				TEST_HOST = "$(BUILT_PRODUCTS_DIR)/NearFuture.app/$(BUNDLE_EXECUTABLE_FOLDER_PATH)/NearFuture";
				XROS_DEPLOYMENT_TARGET = 1;
			};
			name = Release;
		};
		A9B4BFF62D1AE66700212CE2 /* Debug */ = {
			isa = XCBuildConfiguration;
			buildSettings = {
				CODE_SIGN_STYLE = Automatic;
				CURRENT_PROJECT_VERSION = 1;
				DEVELOPMENT_TEAM = 85Q9QG6DN7;
				GENERATE_INFOPLIST_FILE = YES;
				IPHONEOS_DEPLOYMENT_TARGET = 17;
				MACOSX_DEPLOYMENT_TARGET = 14;
				MARKETING_VERSION = 1.0;
				PRODUCT_BUNDLE_IDENTIFIER = com.neon443.NearFuture;
				PRODUCT_NAME = "$(TARGET_NAME)";
				SDKROOT = auto;
				SUPPORTED_PLATFORMS = "iphoneos iphonesimulator macosx xros xrsimulator";
				SWIFT_EMIT_LOC_STRINGS = NO;
				SWIFT_VERSION = 5.0;
				TARGETED_DEVICE_FAMILY = "1,2,7";
				TEST_TARGET_NAME = NearFuture;
				XROS_DEPLOYMENT_TARGET = 1;
			};
			name = Debug;
		};
		A9B4BFF72D1AE66700212CE2 /* Release */ = {
			isa = XCBuildConfiguration;
			buildSettings = {
				CODE_SIGN_STYLE = Automatic;
				CURRENT_PROJECT_VERSION = 1;
				DEVELOPMENT_TEAM = 85Q9QG6DN7;
				GENERATE_INFOPLIST_FILE = YES;
				IPHONEOS_DEPLOYMENT_TARGET = 17;
				MACOSX_DEPLOYMENT_TARGET = 14;
				MARKETING_VERSION = 1.0;
				PRODUCT_BUNDLE_IDENTIFIER = com.neon443.NearFuture;
				PRODUCT_NAME = "$(TARGET_NAME)";
				SDKROOT = auto;
				SUPPORTED_PLATFORMS = "iphoneos iphonesimulator macosx xros xrsimulator";
				SWIFT_EMIT_LOC_STRINGS = NO;
				SWIFT_VERSION = 5.0;
				TARGETED_DEVICE_FAMILY = "1,2,7";
				TEST_TARGET_NAME = NearFuture;
				XROS_DEPLOYMENT_TARGET = 1;
			};
			name = Release;
		};
/* End XCBuildConfiguration section */

/* Begin XCConfigurationList section */
		A9B4BFC32D1AE66000212CE2 /* Build configuration list for PBXProject "NearFuture" */ = {
			isa = XCConfigurationList;
			buildConfigurations = (
				A9B4BFED2D1AE66700212CE2 /* Debug */,
				A9B4BFEE2D1AE66700212CE2 /* Release */,
			);
			defaultConfigurationIsVisible = 0;
			defaultConfigurationName = Release;
		};
		A9B4BFEF2D1AE66700212CE2 /* Build configuration list for PBXNativeTarget "NearFuture" */ = {
			isa = XCConfigurationList;
			buildConfigurations = (
				A9B4BFF02D1AE66700212CE2 /* Debug */,
				A9B4BFF12D1AE66700212CE2 /* Release */,
			);
			defaultConfigurationIsVisible = 0;
			defaultConfigurationName = Release;
		};
		A9B4BFF22D1AE66700212CE2 /* Build configuration list for PBXNativeTarget "NearFutureTests" */ = {
			isa = XCConfigurationList;
			buildConfigurations = (
				A9B4BFF32D1AE66700212CE2 /* Debug */,
				A9B4BFF42D1AE66700212CE2 /* Release */,
			);
			defaultConfigurationIsVisible = 0;
			defaultConfigurationName = Release;
		};
		A9B4BFF52D1AE66700212CE2 /* Build configuration list for PBXNativeTarget "NearFutureUITests" */ = {
			isa = XCConfigurationList;
			buildConfigurations = (
				A9B4BFF62D1AE66700212CE2 /* Debug */,
				A9B4BFF72D1AE66700212CE2 /* Release */,
			);
			defaultConfigurationIsVisible = 0;
			defaultConfigurationName = Release;
		};
/* End XCConfigurationList section */

/* Begin XCRemoteSwiftPackageReference section */
		A91288572D1C7E3000912B3C /* XCRemoteSwiftPackageReference "SFSymbolsPicker" */ = {
			isa = XCRemoteSwiftPackageReference;
			repositoryURL = "https://github.com/alessiorubicini/SFSymbolsPicker";
			requirement = {
				kind = upToNextMajorVersion;
				minimumVersion = 1.0.6;
			};
		};
/* End XCRemoteSwiftPackageReference section */

/* Begin XCSwiftPackageProductDependency section */
		A91288582D1C7E3000912B3C /* SFSymbolsPicker */ = {
			isa = XCSwiftPackageProductDependency;
			package = A91288572D1C7E3000912B3C /* XCRemoteSwiftPackageReference "SFSymbolsPicker" */;
			productName = SFSymbolsPicker;
		};
/* End XCSwiftPackageProductDependency section */
	};
	rootObject = A9B4BFC02D1AE66000212CE2 /* Project object */;
}
