// !$*UTF8*$!
{
	archiveVersion = 1;
	classes = {
	};
	objectVersion = 70;
	objects = {

/* Begin PBXBuildFile section */
		A920C2882D24011400E4F9B1 /* NearFutureApp.swift in Sources */ = {isa = PBXBuildFile; fileRef = A920C2872D24011400E4F9B1 /* NearFutureApp.swift */; };
		A920C28C2D24011400E4F9B1 /* Item.swift in Sources */ = {isa = PBXBuildFile; fileRef = A920C28B2D24011400E4F9B1 /* Item.swift */; };
		A920C28E2D24011A00E4F9B1 /* Assets.xcassets in Resources */ = {isa = PBXBuildFile; fileRef = A920C28D2D24011A00E4F9B1 /* Assets.xcassets */; };
		A920C2922D24011A00E4F9B1 /* Preview Assets.xcassets in Resources */ = {isa = PBXBuildFile; fileRef = A920C2912D24011A00E4F9B1 /* Preview Assets.xcassets */; };
		A920C2BE2D24021A00E4F9B1 /* SFSymbolsPicker in Frameworks */ = {isa = PBXBuildFile; productRef = A920C2BD2D24021A00E4F9B1 /* SFSymbolsPicker */; };
		A949F8322DCAAA8A0064DCA0 /* NearFutureIcon.png in Resources */ = {isa = PBXBuildFile; fileRef = A949F8312DCAAA8A0064DCA0 /* NearFutureIcon.png */; };
		A949F84B2DCAABE00064DCA0 /* ArchiveView.swift in Sources */ = {isa = PBXBuildFile; fileRef = A949F83A2DCAABE00064DCA0 /* ArchiveView.swift */; };
		A949F84C2DCAABE00064DCA0 /* AddEventView.swift in Sources */ = {isa = PBXBuildFile; fileRef = A949F83C2DCAABE00064DCA0 /* AddEventView.swift */; };
		A949F84D2DCAABE00064DCA0 /* EditEventView.swift in Sources */ = {isa = PBXBuildFile; fileRef = A949F83D2DCAABE00064DCA0 /* EditEventView.swift */; };
		A949F84E2DCAABE00064DCA0 /* ContentView.swift in Sources */ = {isa = PBXBuildFile; fileRef = A949F83F2DCAABE00064DCA0 /* ContentView.swift */; };
		A949F84F2DCAABE00064DCA0 /* EventListView.swift in Sources */ = {isa = PBXBuildFile; fileRef = A949F8402DCAABE00064DCA0 /* EventListView.swift */; };
		A949F8502DCAABE00064DCA0 /* HelpView.swift in Sources */ = {isa = PBXBuildFile; fileRef = A949F8412DCAABE00064DCA0 /* HelpView.swift */; };
		A949F8512DCAABE00064DCA0 /* ExportView.swift in Sources */ = {isa = PBXBuildFile; fileRef = A949F8432DCAABE00064DCA0 /* ExportView.swift */; };
		A949F8522DCAABE00064DCA0 /* iCloudSettingsView.swift in Sources */ = {isa = PBXBuildFile; fileRef = A949F8442DCAABE00064DCA0 /* iCloudSettingsView.swift */; };
		A949F8532DCAABE00064DCA0 /* ImportView.swift in Sources */ = {isa = PBXBuildFile; fileRef = A949F8452DCAABE00064DCA0 /* ImportView.swift */; };
		A949F8542DCAABE00064DCA0 /* SettingsView.swift in Sources */ = {isa = PBXBuildFile; fileRef = A949F8462DCAABE00064DCA0 /* SettingsView.swift */; };
		A949F8552DCAABE00064DCA0 /* StatsView.swift in Sources */ = {isa = PBXBuildFile; fileRef = A949F8482DCAABE00064DCA0 /* StatsView.swift */; };
		A949F8562DCAABE00064DCA0 /* ExportView.swift in Sources */ = {isa = PBXBuildFile; fileRef = A949F8432DCAABE00064DCA0 /* ExportView.swift */; };
		A979F6052D270AF00094C0B3 /* WidgetKit.framework in Frameworks */ = {isa = PBXBuildFile; fileRef = A979F6042D270AF00094C0B3 /* WidgetKit.framework */; };
		A979F6072D270AF00094C0B3 /* SwiftUI.framework in Frameworks */ = {isa = PBXBuildFile; fileRef = A979F6062D270AF00094C0B3 /* SwiftUI.framework */; };
		A979F60A2D270AF00094C0B3 /* NearFutureWidgetsBundle.swift in Sources */ = {isa = PBXBuildFile; fileRef = A979F6092D270AF00094C0B3 /* NearFutureWidgetsBundle.swift */; };
		A979F60C2D270AF00094C0B3 /* NearFutureWidgetsLiveActivity.swift in Sources */ = {isa = PBXBuildFile; fileRef = A979F60B2D270AF00094C0B3 /* NearFutureWidgetsLiveActivity.swift */; };
		A979F6102D270AF90094C0B3 /* Assets.xcassets in Resources */ = {isa = PBXBuildFile; fileRef = A979F60F2D270AF80094C0B3 /* Assets.xcassets */; };
		A979F6142D270AF90094C0B3 /* NearFutureWidgetsExtension.appex in Embed Foundation Extensions */ = {isa = PBXBuildFile; fileRef = A979F6022D270AF00094C0B3 /* NearFutureWidgetsExtension.appex */; platformFilter = ios; settings = {ATTRIBUTES = (RemoveHeadersOnCopy, ); }; };
		A979F6182D2714310094C0B3 /* Item.swift in Sources */ = {isa = PBXBuildFile; fileRef = A920C28B2D24011400E4F9B1 /* Item.swift */; };
		A9FC7EEA2D2823920020D75B /* NearFutureWidgets.swift in Sources */ = {isa = PBXBuildFile; fileRef = A9FC7EE92D28238A0020D75B /* NearFutureWidgets.swift */; };
/* End PBXBuildFile section */

/* Begin PBXContainerItemProxy section */
		A979F6122D270AF90094C0B3 /* PBXContainerItemProxy */ = {
			isa = PBXContainerItemProxy;
			containerPortal = A920C27C2D24011300E4F9B1 /* Project object */;
			proxyType = 1;
			remoteGlobalIDString = A979F6012D270AF00094C0B3;
			remoteInfo = NearFutureWidgetsExtension;
		};
		A980FC3B2D93FB2B006A778F /* PBXContainerItemProxy */ = {
			isa = PBXContainerItemProxy;
			containerPortal = A920C27C2D24011300E4F9B1 /* Project object */;
			proxyType = 1;
			remoteGlobalIDString = A920C2832D24011300E4F9B1;
			remoteInfo = NearFuture;
		};
/* End PBXContainerItemProxy section */

/* Begin PBXCopyFilesBuildPhase section */
		A979F59C2D27006D0094C0B3 /* Embed Foundation Extensions */ = {
			isa = PBXCopyFilesBuildPhase;
			buildActionMask = 2147483647;
			dstPath = "";
			dstSubfolderSpec = 13;
			files = (
				A979F6142D270AF90094C0B3 /* NearFutureWidgetsExtension.appex in Embed Foundation Extensions */,
			);
			name = "Embed Foundation Extensions";
			runOnlyForDeploymentPostprocessing = 0;
		};
/* End PBXCopyFilesBuildPhase section */

/* Begin PBXFileReference section */
		A90FDE222DC0D4310012790C /* Config.xcconfig */ = {isa = PBXFileReference; lastKnownFileType = text.xcconfig; path = Config.xcconfig; sourceTree = "<group>"; };
		A920C2842D24011400E4F9B1 /* NearFuture.app */ = {isa = PBXFileReference; explicitFileType = wrapper.application; includeInIndex = 0; path = NearFuture.app; sourceTree = BUILT_PRODUCTS_DIR; };
		A920C2872D24011400E4F9B1 /* NearFutureApp.swift */ = {isa = PBXFileReference; lastKnownFileType = sourcecode.swift; path = NearFutureApp.swift; sourceTree = "<group>"; };
		A920C28B2D24011400E4F9B1 /* Item.swift */ = {isa = PBXFileReference; lastKnownFileType = sourcecode.swift; path = Item.swift; sourceTree = "<group>"; };
		A920C28D2D24011A00E4F9B1 /* Assets.xcassets */ = {isa = PBXFileReference; lastKnownFileType = folder.assetcatalog; path = Assets.xcassets; sourceTree = "<group>"; };
		A920C28F2D24011A00E4F9B1 /* NearFuture.entitlements */ = {isa = PBXFileReference; lastKnownFileType = text.plist.entitlements; path = NearFuture.entitlements; sourceTree = "<group>"; };
		A920C2912D24011A00E4F9B1 /* Preview Assets.xcassets */ = {isa = PBXFileReference; lastKnownFileType = folder.assetcatalog; path = "Preview Assets.xcassets"; sourceTree = "<group>"; };
		A949F82E2DCAAA640064DCA0 /* NearFutureIcon.pxd */ = {isa = PBXFileReference; lastKnownFileType = file; path = NearFutureIcon.pxd; sourceTree = "<group>"; };
		A949F82F2DCAAA640064DCA0 /* NearFutureIconDark.pxd */ = {isa = PBXFileReference; lastKnownFileType = file; path = NearFutureIconDark.pxd; sourceTree = "<group>"; };
		A949F8302DCAAA640064DCA0 /* NearFutureIconTint.pxd */ = {isa = PBXFileReference; lastKnownFileType = file; path = NearFutureIconTint.pxd; sourceTree = "<group>"; };
		A949F8312DCAAA8A0064DCA0 /* NearFutureIcon.png */ = {isa = PBXFileReference; lastKnownFileType = image.png; name = NearFutureIcon.png; path = Assets.xcassets/AppIcon.appiconset/NearFutureIcon.png; sourceTree = "<group>"; };
		A949F83A2DCAABE00064DCA0 /* ArchiveView.swift */ = {isa = PBXFileReference; lastKnownFileType = sourcecode.swift; path = ArchiveView.swift; sourceTree = "<group>"; };
		A949F83C2DCAABE00064DCA0 /* AddEventView.swift */ = {isa = PBXFileReference; lastKnownFileType = sourcecode.swift; path = AddEventView.swift; sourceTree = "<group>"; };
		A949F83D2DCAABE00064DCA0 /* EditEventView.swift */ = {isa = PBXFileReference; lastKnownFileType = sourcecode.swift; path = EditEventView.swift; sourceTree = "<group>"; };
		A949F83F2DCAABE00064DCA0 /* ContentView.swift */ = {isa = PBXFileReference; lastKnownFileType = sourcecode.swift; path = ContentView.swift; sourceTree = "<group>"; };
		A949F8402DCAABE00064DCA0 /* EventListView.swift */ = {isa = PBXFileReference; lastKnownFileType = sourcecode.swift; path = EventListView.swift; sourceTree = "<group>"; };
		A949F8412DCAABE00064DCA0 /* HelpView.swift */ = {isa = PBXFileReference; lastKnownFileType = sourcecode.swift; path = HelpView.swift; sourceTree = "<group>"; };
		A949F8432DCAABE00064DCA0 /* ExportView.swift */ = {isa = PBXFileReference; lastKnownFileType = sourcecode.swift; path = ExportView.swift; sourceTree = "<group>"; };
		A949F8442DCAABE00064DCA0 /* iCloudSettingsView.swift */ = {isa = PBXFileReference; lastKnownFileType = sourcecode.swift; path = iCloudSettingsView.swift; sourceTree = "<group>"; };
		A949F8452DCAABE00064DCA0 /* ImportView.swift */ = {isa = PBXFileReference; lastKnownFileType = sourcecode.swift; path = ImportView.swift; sourceTree = "<group>"; };
		A949F8462DCAABE00064DCA0 /* SettingsView.swift */ = {isa = PBXFileReference; lastKnownFileType = sourcecode.swift; path = SettingsView.swift; sourceTree = "<group>"; };
		A949F8482DCAABE00064DCA0 /* StatsView.swift */ = {isa = PBXFileReference; lastKnownFileType = sourcecode.swift; path = StatsView.swift; sourceTree = "<group>"; };
		A979F58B2D2700680094C0B3 /* NearFutureWidgetsBundle.swift */ = {isa = PBXFileReference; lastKnownFileType = sourcecode.swift; path = NearFutureWidgetsBundle.swift; sourceTree = "<group>"; };
		A979F58D2D2700680094C0B3 /* NearFutureWidgetsLiveActivity.swift */ = {isa = PBXFileReference; lastKnownFileType = sourcecode.swift; path = NearFutureWidgetsLiveActivity.swift; sourceTree = "<group>"; };
		A979F58F2D2700680094C0B3 /* NearFutureWidgets.swift */ = {isa = PBXFileReference; lastKnownFileType = sourcecode.swift; path = NearFutureWidgets.swift; sourceTree = "<group>"; };
		A979F5912D2700680094C0B3 /* AppIntent.swift */ = {isa = PBXFileReference; lastKnownFileType = sourcecode.swift; path = AppIntent.swift; sourceTree = "<group>"; };
		A979F5932D27006D0094C0B3 /* Assets.xcassets */ = {isa = PBXFileReference; lastKnownFileType = folder.assetcatalog; path = Assets.xcassets; sourceTree = "<group>"; };
		A979F5952D27006D0094C0B3 /* Info.plist */ = {isa = PBXFileReference; lastKnownFileType = text.plist.xml; path = Info.plist; sourceTree = "<group>"; };
		A979F6022D270AF00094C0B3 /* NearFutureWidgetsExtension.appex */ = {isa = PBXFileReference; explicitFileType = "wrapper.app-extension"; includeInIndex = 0; path = NearFutureWidgetsExtension.appex; sourceTree = BUILT_PRODUCTS_DIR; };
		A979F6042D270AF00094C0B3 /* WidgetKit.framework */ = {isa = PBXFileReference; lastKnownFileType = wrapper.framework; name = WidgetKit.framework; path = System/Library/Frameworks/WidgetKit.framework; sourceTree = SDKROOT; };
		A979F6062D270AF00094C0B3 /* SwiftUI.framework */ = {isa = PBXFileReference; lastKnownFileType = wrapper.framework; name = SwiftUI.framework; path = System/Library/Frameworks/SwiftUI.framework; sourceTree = SDKROOT; };
		A979F6092D270AF00094C0B3 /* NearFutureWidgetsBundle.swift */ = {isa = PBXFileReference; lastKnownFileType = sourcecode.swift; path = NearFutureWidgetsBundle.swift; sourceTree = "<group>"; };
		A979F60B2D270AF00094C0B3 /* NearFutureWidgetsLiveActivity.swift */ = {isa = PBXFileReference; lastKnownFileType = sourcecode.swift; path = NearFutureWidgetsLiveActivity.swift; sourceTree = "<group>"; };
		A979F60F2D270AF80094C0B3 /* Assets.xcassets */ = {isa = PBXFileReference; lastKnownFileType = folder.assetcatalog; path = Assets.xcassets; sourceTree = "<group>"; };
		A979F6112D270AF90094C0B3 /* Info.plist */ = {isa = PBXFileReference; lastKnownFileType = text.plist.xml; path = Info.plist; sourceTree = "<group>"; };
		A980FC302D920097006A778F /* Info.plist */ = {isa = PBXFileReference; lastKnownFileType = text.plist.xml; path = Info.plist; sourceTree = "<group>"; };
		A980FC372D93FB2B006A778F /* NearFutureTests.xctest */ = {isa = PBXFileReference; explicitFileType = wrapper.cfbundle; includeInIndex = 0; path = NearFutureTests.xctest; sourceTree = BUILT_PRODUCTS_DIR; };
		A9C05E412D2805D7007DC497 /* NearFutureWidgetsExtension.entitlements */ = {isa = PBXFileReference; lastKnownFileType = text.plist.entitlements; path = NearFutureWidgetsExtension.entitlements; sourceTree = "<group>"; };
		A9FC7EE92D28238A0020D75B /* NearFutureWidgets.swift */ = {isa = PBXFileReference; lastKnownFileType = sourcecode.swift; path = NearFutureWidgets.swift; sourceTree = "<group>"; };
/* End PBXFileReference section */

/* Begin PBXFileSystemSynchronizedRootGroup section */
		A980FC382D93FB2B006A778F /* NearFutureTests */ = {isa = PBXFileSystemSynchronizedRootGroup; explicitFileTypes = {}; explicitFolders = (); path = NearFutureTests; sourceTree = "<group>"; };
/* End PBXFileSystemSynchronizedRootGroup section */

/* Begin PBXFrameworksBuildPhase section */
		A920C2812D24011300E4F9B1 /* Frameworks */ = {
			isa = PBXFrameworksBuildPhase;
			buildActionMask = 2147483647;
			files = (
				A920C2BE2D24021A00E4F9B1 /* SFSymbolsPicker in Frameworks */,
			);
			runOnlyForDeploymentPostprocessing = 0;
		};
		A979F5FF2D270AF00094C0B3 /* Frameworks */ = {
			isa = PBXFrameworksBuildPhase;
			buildActionMask = 2147483647;
			files = (
				A979F6072D270AF00094C0B3 /* SwiftUI.framework in Frameworks */,
				A979F6052D270AF00094C0B3 /* WidgetKit.framework in Frameworks */,
			);
			runOnlyForDeploymentPostprocessing = 0;
		};
		A980FC342D93FB2B006A778F /* Frameworks */ = {
			isa = PBXFrameworksBuildPhase;
			buildActionMask = 2147483647;
			files = (
			);
			runOnlyForDeploymentPostprocessing = 0;
		};
/* End PBXFrameworksBuildPhase section */

/* Begin PBXGroup section */
		A920C27B2D24011300E4F9B1 = {
			isa = PBXGroup;
			children = (
				A90FDE222DC0D4310012790C /* Config.xcconfig */,
				A949F8002DCAA0340064DCA0 /* Resources */,
				A920C2862D24011400E4F9B1 /* NearFuture */,
				A979F6082D270AF00094C0B3 /* NearFutureWidgets */,
				A980FC382D93FB2B006A778F /* NearFutureTests */,
				A979F6032D270AF00094C0B3 /* Frameworks */,
				A920C2852D24011400E4F9B1 /* Products */,
			);
			sourceTree = "<group>";
		};
		A920C2852D24011400E4F9B1 /* Products */ = {
			isa = PBXGroup;
			children = (
				A920C2842D24011400E4F9B1 /* NearFuture.app */,
				A979F6022D270AF00094C0B3 /* NearFutureWidgetsExtension.appex */,
				A980FC372D93FB2B006A778F /* NearFutureTests.xctest */,
			);
			name = Products;
			sourceTree = "<group>";
		};
		A920C2862D24011400E4F9B1 /* NearFuture */ = {
			isa = PBXGroup;
			children = (
				A920C2872D24011400E4F9B1 /* NearFutureApp.swift */,
				A920C28B2D24011400E4F9B1 /* Item.swift */,
				A949F84A2DCAABE00064DCA0 /* Views */,
				A980FC302D920097006A778F /* Info.plist */,
				A920C28F2D24011A00E4F9B1 /* NearFuture.entitlements */,
				A920C2902D24011A00E4F9B1 /* Preview Content */,
			);
			path = NearFuture;
			sourceTree = "<group>";
		};
		A920C2902D24011A00E4F9B1 /* Preview Content */ = {
			isa = PBXGroup;
			children = (
				A979F58A2D2700680094C0B3 /* NearFutureWidgets */,
				A920C2912D24011A00E4F9B1 /* Preview Assets.xcassets */,
			);
			path = "Preview Content";
			sourceTree = "<group>";
		};
		A949F8002DCAA0340064DCA0 /* Resources */ = {
			isa = PBXGroup;
			children = (
				A949F8312DCAAA8A0064DCA0 /* NearFutureIcon.png */,
				A920C28D2D24011A00E4F9B1 /* Assets.xcassets */,
				A949F82E2DCAAA640064DCA0 /* NearFutureIcon.pxd */,
				A949F82F2DCAAA640064DCA0 /* NearFutureIconDark.pxd */,
				A949F8302DCAAA640064DCA0 /* NearFutureIconTint.pxd */,
			);
			path = Resources;
			sourceTree = "<group>";
		};
		A949F83B2DCAABE00064DCA0 /* Archive */ = {
			isa = PBXGroup;
			children = (
				A949F83A2DCAABE00064DCA0 /* ArchiveView.swift */,
			);
			path = Archive;
			sourceTree = "<group>";
		};
		A949F83E2DCAABE00064DCA0 /* Events */ = {
			isa = PBXGroup;
			children = (
				A949F83C2DCAABE00064DCA0 /* AddEventView.swift */,
				A949F83D2DCAABE00064DCA0 /* EditEventView.swift */,
			);
			path = Events;
			sourceTree = "<group>";
		};
		A949F8422DCAABE00064DCA0 /* Home */ = {
			isa = PBXGroup;
			children = (
				A949F83F2DCAABE00064DCA0 /* ContentView.swift */,
				A949F8402DCAABE00064DCA0 /* EventListView.swift */,
				A949F8412DCAABE00064DCA0 /* HelpView.swift */,
			);
			path = Home;
			sourceTree = "<group>";
		};
		A949F8472DCAABE00064DCA0 /* Settings */ = {
			isa = PBXGroup;
			children = (
				A949F8432DCAABE00064DCA0 /* ExportView.swift */,
				A949F8442DCAABE00064DCA0 /* iCloudSettingsView.swift */,
				A949F8452DCAABE00064DCA0 /* ImportView.swift */,
				A949F8462DCAABE00064DCA0 /* SettingsView.swift */,
			);
			path = Settings;
			sourceTree = "<group>";
		};
		A949F8492DCAABE00064DCA0 /* Stats */ = {
			isa = PBXGroup;
			children = (
				A949F8482DCAABE00064DCA0 /* StatsView.swift */,
			);
			path = Stats;
			sourceTree = "<group>";
		};
		A949F84A2DCAABE00064DCA0 /* Views */ = {
			isa = PBXGroup;
			children = (
				A949F83B2DCAABE00064DCA0 /* Archive */,
				A949F83E2DCAABE00064DCA0 /* Events */,
				A949F8422DCAABE00064DCA0 /* Home */,
				A949F8472DCAABE00064DCA0 /* Settings */,
				A949F8492DCAABE00064DCA0 /* Stats */,
			);
			path = Views;
			sourceTree = "<group>";
		};
		A979F58A2D2700680094C0B3 /* NearFutureWidgets */ = {
			isa = PBXGroup;
			children = (
				A979F58B2D2700680094C0B3 /* NearFutureWidgetsBundle.swift */,
				A979F58D2D2700680094C0B3 /* NearFutureWidgetsLiveActivity.swift */,
				A979F58F2D2700680094C0B3 /* NearFutureWidgets.swift */,
				A979F5912D2700680094C0B3 /* AppIntent.swift */,
				A979F5932D27006D0094C0B3 /* Assets.xcassets */,
				A979F5952D27006D0094C0B3 /* Info.plist */,
			);
			path = NearFutureWidgets;
			sourceTree = "<group>";
		};
		A979F6032D270AF00094C0B3 /* Frameworks */ = {
			isa = PBXGroup;
			children = (
				A979F6042D270AF00094C0B3 /* WidgetKit.framework */,
				A979F6062D270AF00094C0B3 /* SwiftUI.framework */,
			);
			name = Frameworks;
			sourceTree = "<group>";
		};
		A979F6082D270AF00094C0B3 /* NearFutureWidgets */ = {
			isa = PBXGroup;
			children = (
				A9FC7EE92D28238A0020D75B /* NearFutureWidgets.swift */,
				A979F6092D270AF00094C0B3 /* NearFutureWidgetsBundle.swift */,
				A979F60B2D270AF00094C0B3 /* NearFutureWidgetsLiveActivity.swift */,
				A979F60F2D270AF80094C0B3 /* Assets.xcassets */,
				A979F6112D270AF90094C0B3 /* Info.plist */,
				A9C05E412D2805D7007DC497 /* NearFutureWidgetsExtension.entitlements */,
			);
			path = NearFutureWidgets;
			sourceTree = "<group>";
		};
/* End PBXGroup section */

/* Begin PBXNativeTarget section */
		A920C2832D24011300E4F9B1 /* NearFuture */ = {
			isa = PBXNativeTarget;
			buildConfigurationList = A920C2AB2D24011B00E4F9B1 /* Build configuration list for PBXNativeTarget "NearFuture" */;
			buildPhases = (
				A920C2802D24011300E4F9B1 /* Sources */,
				A920C2812D24011300E4F9B1 /* Frameworks */,
				A920C2822D24011300E4F9B1 /* Resources */,
				A979F59C2D27006D0094C0B3 /* Embed Foundation Extensions */,
			);
			buildRules = (
			);
			dependencies = (
				A979F6132D270AF90094C0B3 /* PBXTargetDependency */,
			);
			name = NearFuture;
			packageProductDependencies = (
				A920C2BD2D24021A00E4F9B1 /* SFSymbolsPicker */,
			);
			productName = NearFuture;
			productReference = A920C2842D24011400E4F9B1 /* NearFuture.app */;
			productType = "com.apple.product-type.application";
		};
		A979F6012D270AF00094C0B3 /* NearFutureWidgetsExtension */ = {
			isa = PBXNativeTarget;
			buildConfigurationList = A979F6152D270AF90094C0B3 /* Build configuration list for PBXNativeTarget "NearFutureWidgetsExtension" */;
			buildPhases = (
				A979F5FE2D270AF00094C0B3 /* Sources */,
				A979F5FF2D270AF00094C0B3 /* Frameworks */,
				A979F6002D270AF00094C0B3 /* Resources */,
			);
			buildRules = (
			);
			dependencies = (
			);
			name = NearFutureWidgetsExtension;
			productName = NearFutureWidgetsExtension;
			productReference = A979F6022D270AF00094C0B3 /* NearFutureWidgetsExtension.appex */;
			productType = "com.apple.product-type.app-extension";
		};
		A980FC362D93FB2B006A778F /* NearFutureTests */ = {
			isa = PBXNativeTarget;
			buildConfigurationList = A980FC3D2D93FB2B006A778F /* Build configuration list for PBXNativeTarget "NearFutureTests" */;
			buildPhases = (
				A980FC332D93FB2B006A778F /* Sources */,
				A980FC342D93FB2B006A778F /* Frameworks */,
				A980FC352D93FB2B006A778F /* Resources */,
			);
			buildRules = (
			);
			dependencies = (
				A980FC3C2D93FB2B006A778F /* PBXTargetDependency */,
			);
			fileSystemSynchronizedGroups = (
				A980FC382D93FB2B006A778F /* NearFutureTests */,
			);
			name = NearFutureTests;
			packageProductDependencies = (
			);
			productName = NearFutureTests;
			productReference = A980FC372D93FB2B006A778F /* NearFutureTests.xctest */;
			productType = "com.apple.product-type.bundle.unit-test";
		};
/* End PBXNativeTarget section */

/* Begin PBXProject section */
		A920C27C2D24011300E4F9B1 /* Project object */ = {
			isa = PBXProject;
			attributes = {
				BuildIndependentTargetsInParallel = 1;
				LastSwiftUpdateCheck = 1620;
				LastUpgradeCheck = 1630;
				TargetAttributes = {
					A920C2832D24011300E4F9B1 = {
						CreatedOnToolsVersion = 15.4;
					};
					A979F6012D270AF00094C0B3 = {
						CreatedOnToolsVersion = 15.4;
					};
					A980FC362D93FB2B006A778F = {
						CreatedOnToolsVersion = 16.2;
						TestTargetID = A920C2832D24011300E4F9B1;
					};
				};
			};
			buildConfigurationList = A920C27F2D24011300E4F9B1 /* Build configuration list for PBXProject "NearFuture" */;
			compatibilityVersion = "Xcode 14.0";
			developmentRegion = en;
			hasScannedForEncodings = 0;
			knownRegions = (
				en,
				Base,
			);
			mainGroup = A920C27B2D24011300E4F9B1;
			packageReferences = (
				A920C2BC2D24021900E4F9B1 /* XCRemoteSwiftPackageReference "SFSymbolsPicker" */,
			);
			productRefGroup = A920C2852D24011400E4F9B1 /* Products */;
			projectDirPath = "";
			projectRoot = "";
			targets = (
				A920C2832D24011300E4F9B1 /* NearFuture */,
				A979F6012D270AF00094C0B3 /* NearFutureWidgetsExtension */,
				A980FC362D93FB2B006A778F /* NearFutureTests */,
			);
		};
/* End PBXProject section */

/* Begin PBXResourcesBuildPhase section */
		A920C2822D24011300E4F9B1 /* Resources */ = {
			isa = PBXResourcesBuildPhase;
			buildActionMask = 2147483647;
			files = (
				A920C2922D24011A00E4F9B1 /* Preview Assets.xcassets in Resources */,
				A949F8322DCAAA8A0064DCA0 /* NearFutureIcon.png in Resources */,
				A920C28E2D24011A00E4F9B1 /* Assets.xcassets in Resources */,
			);
			runOnlyForDeploymentPostprocessing = 0;
		};
		A979F6002D270AF00094C0B3 /* Resources */ = {
			isa = PBXResourcesBuildPhase;
			buildActionMask = 2147483647;
			files = (
				A979F6102D270AF90094C0B3 /* Assets.xcassets in Resources */,
			);
			runOnlyForDeploymentPostprocessing = 0;
		};
		A980FC352D93FB2B006A778F /* Resources */ = {
			isa = PBXResourcesBuildPhase;
			buildActionMask = 2147483647;
			files = (
			);
			runOnlyForDeploymentPostprocessing = 0;
		};
/* End PBXResourcesBuildPhase section */

/* Begin PBXSourcesBuildPhase section */
		A920C2802D24011300E4F9B1 /* Sources */ = {
			isa = PBXSourcesBuildPhase;
			buildActionMask = 2147483647;
			files = (
				A920C28C2D24011400E4F9B1 /* Item.swift in Sources */,
				A949F84B2DCAABE00064DCA0 /* ArchiveView.swift in Sources */,
				A949F84C2DCAABE00064DCA0 /* AddEventView.swift in Sources */,
				A949F84D2DCAABE00064DCA0 /* EditEventView.swift in Sources */,
				A949F84E2DCAABE00064DCA0 /* ContentView.swift in Sources */,
				A949F84F2DCAABE00064DCA0 /* EventListView.swift in Sources */,
				A949F8502DCAABE00064DCA0 /* HelpView.swift in Sources */,
				A949F8512DCAABE00064DCA0 /* ExportView.swift in Sources */,
				A949F8522DCAABE00064DCA0 /* iCloudSettingsView.swift in Sources */,
				A949F8532DCAABE00064DCA0 /* ImportView.swift in Sources */,
				A949F8542DCAABE00064DCA0 /* SettingsView.swift in Sources */,
				A949F8552DCAABE00064DCA0 /* StatsView.swift in Sources */,
				A920C2882D24011400E4F9B1 /* NearFutureApp.swift in Sources */,
			);
			runOnlyForDeploymentPostprocessing = 0;
		};
		A979F5FE2D270AF00094C0B3 /* Sources */ = {
			isa = PBXSourcesBuildPhase;
			buildActionMask = 2147483647;
			files = (
				A979F6182D2714310094C0B3 /* Item.swift in Sources */,
				A979F60A2D270AF00094C0B3 /* NearFutureWidgetsBundle.swift in Sources */,
				A9FC7EEA2D2823920020D75B /* NearFutureWidgets.swift in Sources */,
				A979F60C2D270AF00094C0B3 /* NearFutureWidgetsLiveActivity.swift in Sources */,
			);
			runOnlyForDeploymentPostprocessing = 0;
		};
		A980FC332D93FB2B006A778F /* Sources */ = {
			isa = PBXSourcesBuildPhase;
			buildActionMask = 2147483647;
			files = (
				A949F8562DCAABE00064DCA0 /* ExportView.swift in Sources */,
			);
			runOnlyForDeploymentPostprocessing = 0;
		};
/* End PBXSourcesBuildPhase section */

/* Begin PBXTargetDependency section */
		A979F6132D270AF90094C0B3 /* PBXTargetDependency */ = {
			isa = PBXTargetDependency;
			platformFilter = ios;
			target = A979F6012D270AF00094C0B3 /* NearFutureWidgetsExtension */;
			targetProxy = A979F6122D270AF90094C0B3 /* PBXContainerItemProxy */;
		};
		A980FC3C2D93FB2B006A778F /* PBXTargetDependency */ = {
			isa = PBXTargetDependency;
			target = A920C2832D24011300E4F9B1 /* NearFuture */;
			targetProxy = A980FC3B2D93FB2B006A778F /* PBXContainerItemProxy */;
		};
/* End PBXTargetDependency section */

/* Begin XCBuildConfiguration section */
		A920C2A92D24011B00E4F9B1 /* Debug */ = {
			isa = XCBuildConfiguration;
			buildSettings = {
				ALWAYS_SEARCH_USER_PATHS = NO;
				ASSETCATALOG_COMPILER_GENERATE_SWIFT_ASSET_SYMBOL_EXTENSIONS = YES;
				CLANG_ANALYZER_NONNULL = YES;
				CLANG_ANALYZER_NUMBER_OBJECT_CONVERSION = YES_AGGRESSIVE;
				CLANG_CXX_LANGUAGE_STANDARD = "gnu++20";
				CLANG_ENABLE_MODULES = YES;
				CLANG_ENABLE_OBJC_ARC = YES;
				CLANG_ENABLE_OBJC_WEAK = YES;
				CLANG_WARN_BLOCK_CAPTURE_AUTORELEASING = YES;
				CLANG_WARN_BOOL_CONVERSION = YES;
				CLANG_WARN_COMMA = YES;
				CLANG_WARN_CONSTANT_CONVERSION = YES;
				CLANG_WARN_DEPRECATED_OBJC_IMPLEMENTATIONS = YES;
				CLANG_WARN_DIRECT_OBJC_ISA_USAGE = YES_ERROR;
				CLANG_WARN_DOCUMENTATION_COMMENTS = YES;
				CLANG_WARN_EMPTY_BODY = YES;
				CLANG_WARN_ENUM_CONVERSION = YES;
				CLANG_WARN_INFINITE_RECURSION = YES;
				CLANG_WARN_INT_CONVERSION = YES;
				CLANG_WARN_NON_LITERAL_NULL_CONVERSION = YES;
				CLANG_WARN_OBJC_IMPLICIT_RETAIN_SELF = YES;
				CLANG_WARN_OBJC_LITERAL_CONVERSION = YES;
				CLANG_WARN_OBJC_ROOT_CLASS = YES_ERROR;
				CLANG_WARN_QUOTED_INCLUDE_IN_FRAMEWORK_HEADER = YES;
				CLANG_WARN_RANGE_LOOP_ANALYSIS = YES;
				CLANG_WARN_STRICT_PROTOTYPES = YES;
				CLANG_WARN_SUSPICIOUS_MOVE = YES;
				CLANG_WARN_UNGUARDED_AVAILABILITY = YES_AGGRESSIVE;
				CLANG_WARN_UNREACHABLE_CODE = YES;
				CLANG_WARN__DUPLICATE_METHOD_MATCH = YES;
				COPY_PHASE_STRIP = NO;
				DEAD_CODE_STRIPPING = YES;
				DEBUG_INFORMATION_FORMAT = dwarf;
				DEVELOPMENT_TEAM = 8JGND254B7;
				ENABLE_STRICT_OBJC_MSGSEND = YES;
				ENABLE_TESTABILITY = YES;
				ENABLE_USER_SCRIPT_SANDBOXING = YES;
				GCC_C_LANGUAGE_STANDARD = gnu17;
				GCC_DYNAMIC_NO_PIC = NO;
				GCC_NO_COMMON_BLOCKS = YES;
				GCC_OPTIMIZATION_LEVEL = 0;
				GCC_PREPROCESSOR_DEFINITIONS = (
					"DEBUG=1",
					"$(inherited)",
				);
				GCC_WARN_64_TO_32_BIT_CONVERSION = YES;
				GCC_WARN_ABOUT_RETURN_TYPE = YES_ERROR;
				GCC_WARN_UNDECLARED_SELECTOR = YES;
				GCC_WARN_UNINITIALIZED_AUTOS = YES_AGGRESSIVE;
				GCC_WARN_UNUSED_FUNCTION = YES;
				GCC_WARN_UNUSED_VARIABLE = YES;
				LOCALIZATION_PREFERS_STRING_CATALOGS = YES;
				MTL_ENABLE_DEBUG_INFO = INCLUDE_SOURCE;
				MTL_FAST_MATH = YES;
				ONLY_ACTIVE_ARCH = YES;
				OTHER_LDFLAGS = (
					"-Xlinker",
					"-interposable",
				);
				SWIFT_ACTIVE_COMPILATION_CONDITIONS = "DEBUG $(inherited)";
				SWIFT_OPTIMIZATION_LEVEL = "-Onone";
				SWIFT_VERSION = 6.0;
			};
			name = Debug;
		};
		A920C2AA2D24011B00E4F9B1 /* Release */ = {
			isa = XCBuildConfiguration;
			buildSettings = {
				ALWAYS_SEARCH_USER_PATHS = NO;
				ASSETCATALOG_COMPILER_GENERATE_SWIFT_ASSET_SYMBOL_EXTENSIONS = YES;
				CLANG_ANALYZER_NONNULL = YES;
				CLANG_ANALYZER_NUMBER_OBJECT_CONVERSION = YES_AGGRESSIVE;
				CLANG_CXX_LANGUAGE_STANDARD = "gnu++20";
				CLANG_ENABLE_MODULES = YES;
				CLANG_ENABLE_OBJC_ARC = YES;
				CLANG_ENABLE_OBJC_WEAK = YES;
				CLANG_WARN_BLOCK_CAPTURE_AUTORELEASING = YES;
				CLANG_WARN_BOOL_CONVERSION = YES;
				CLANG_WARN_COMMA = YES;
				CLANG_WARN_CONSTANT_CONVERSION = YES;
				CLANG_WARN_DEPRECATED_OBJC_IMPLEMENTATIONS = YES;
				CLANG_WARN_DIRECT_OBJC_ISA_USAGE = YES_ERROR;
				CLANG_WARN_DOCUMENTATION_COMMENTS = YES;
				CLANG_WARN_EMPTY_BODY = YES;
				CLANG_WARN_ENUM_CONVERSION = YES;
				CLANG_WARN_INFINITE_RECURSION = YES;
				CLANG_WARN_INT_CONVERSION = YES;
				CLANG_WARN_NON_LITERAL_NULL_CONVERSION = YES;
				CLANG_WARN_OBJC_IMPLICIT_RETAIN_SELF = YES;
				CLANG_WARN_OBJC_LITERAL_CONVERSION = YES;
				CLANG_WARN_OBJC_ROOT_CLASS = YES_ERROR;
				CLANG_WARN_QUOTED_INCLUDE_IN_FRAMEWORK_HEADER = YES;
				CLANG_WARN_RANGE_LOOP_ANALYSIS = YES;
				CLANG_WARN_STRICT_PROTOTYPES = YES;
				CLANG_WARN_SUSPICIOUS_MOVE = YES;
				CLANG_WARN_UNGUARDED_AVAILABILITY = YES_AGGRESSIVE;
				CLANG_WARN_UNREACHABLE_CODE = YES;
				CLANG_WARN__DUPLICATE_METHOD_MATCH = YES;
				COPY_PHASE_STRIP = NO;
				DEAD_CODE_STRIPPING = YES;
				DEBUG_INFORMATION_FORMAT = "dwarf-with-dsym";
				DEVELOPMENT_TEAM = 8JGND254B7;
				ENABLE_NS_ASSERTIONS = NO;
				ENABLE_STRICT_OBJC_MSGSEND = YES;
				ENABLE_USER_SCRIPT_SANDBOXING = YES;
				GCC_C_LANGUAGE_STANDARD = gnu17;
				GCC_NO_COMMON_BLOCKS = YES;
				GCC_WARN_64_TO_32_BIT_CONVERSION = YES;
				GCC_WARN_ABOUT_RETURN_TYPE = YES_ERROR;
				GCC_WARN_UNDECLARED_SELECTOR = YES;
				GCC_WARN_UNINITIALIZED_AUTOS = YES_AGGRESSIVE;
				GCC_WARN_UNUSED_FUNCTION = YES;
				GCC_WARN_UNUSED_VARIABLE = YES;
				LOCALIZATION_PREFERS_STRING_CATALOGS = YES;
				MTL_ENABLE_DEBUG_INFO = NO;
				MTL_FAST_MATH = YES;
				SWIFT_COMPILATION_MODE = wholemodule;
				SWIFT_VERSION = 6.0;
			};
			name = Release;
		};
		A920C2AC2D24011B00E4F9B1 /* Debug */ = {
			isa = XCBuildConfiguration;
			baseConfigurationReference = A90FDE222DC0D4310012790C /* Config.xcconfig */;
			buildSettings = {
				ASSETCATALOG_COMPILER_APPICON_NAME = AppIcon;
				ASSETCATALOG_COMPILER_GLOBAL_ACCENT_COLOR_NAME = AccentColor;
				CODE_SIGN_ENTITLEMENTS = NearFuture/NearFuture.entitlements;
				CODE_SIGN_STYLE = Automatic;
				CURRENT_PROJECT_VERSION = "$(BUILD_NUMBER)";
				DEAD_CODE_STRIPPING = YES;
				DEVELOPMENT_ASSET_PATHS = "\"NearFuture/Preview Content\"";
				DEVELOPMENT_TEAM = "$(TEAM_ID)";
				ENABLE_HARDENED_RUNTIME = NO;
				ENABLE_PREVIEWS = YES;
				GENERATE_INFOPLIST_FILE = YES;
				INFOPLIST_FILE = NearFuture/Info.plist;
				INFOPLIST_KEY_CFBundleDisplayName = "$(NAME)";
				INFOPLIST_KEY_ITSAppUsesNonExemptEncryption = NO;
				"INFOPLIST_KEY_UIApplicationSceneManifest_Generation[sdk=iphoneos*]" = YES;
				"INFOPLIST_KEY_UIApplicationSceneManifest_Generation[sdk=iphonesimulator*]" = YES;
				"INFOPLIST_KEY_UIApplicationSupportsIndirectInputEvents[sdk=iphoneos*]" = YES;
				"INFOPLIST_KEY_UIApplicationSupportsIndirectInputEvents[sdk=iphonesimulator*]" = YES;
				"INFOPLIST_KEY_UILaunchScreen_Generation[sdk=iphoneos*]" = YES;
				"INFOPLIST_KEY_UILaunchScreen_Generation[sdk=iphonesimulator*]" = YES;
				"INFOPLIST_KEY_UIStatusBarStyle[sdk=iphoneos*]" = UIStatusBarStyleDefault;
				"INFOPLIST_KEY_UIStatusBarStyle[sdk=iphonesimulator*]" = UIStatusBarStyleDefault;
				INFOPLIST_KEY_UISupportedInterfaceOrientations_iPad = "UIInterfaceOrientationPortrait UIInterfaceOrientationPortraitUpsideDown UIInterfaceOrientationLandscapeLeft UIInterfaceOrientationLandscapeRight";
				INFOPLIST_KEY_UISupportedInterfaceOrientations_iPhone = "UIInterfaceOrientationPortrait UIInterfaceOrientationLandscapeLeft UIInterfaceOrientationLandscapeRight";
				IPHONEOS_DEPLOYMENT_TARGET = 16;
				LD_RUNPATH_SEARCH_PATHS = "@executable_path/Frameworks";
				"LD_RUNPATH_SEARCH_PATHS[sdk=macosx*]" = "@executable_path/../Frameworks";
				MACOSX_DEPLOYMENT_TARGET = 13;
				MARKETING_VERSION = "$(VERSION)";
				OTHER_LDFLAGS = (
					"-Xlinker",
					"-interposable",
				);
				PRODUCT_BUNDLE_IDENTIFIER = "$(BUNDLE_ID)";
				PRODUCT_NAME = "$(TARGET_NAME)";
				REGISTER_APP_GROUPS = YES;
				SDKROOT = auto;
				SUPPORTED_PLATFORMS = "iphoneos iphonesimulator";
				SUPPORTS_MACCATALYST = YES;
				SUPPORTS_MAC_DESIGNED_FOR_IPHONE_IPAD = YES;
				SUPPORTS_XR_DESIGNED_FOR_IPHONE_IPAD = YES;
				SWIFT_EMIT_LOC_STRINGS = YES;
				SWIFT_VERSION = 5.0;
				TARGETED_DEVICE_FAMILY = "1,2";
			};
			name = Debug;
		};
		A920C2AD2D24011B00E4F9B1 /* Release */ = {
			isa = XCBuildConfiguration;
			baseConfigurationReference = A90FDE222DC0D4310012790C /* Config.xcconfig */;
			buildSettings = {
				ASSETCATALOG_COMPILER_APPICON_NAME = AppIcon;
				ASSETCATALOG_COMPILER_GLOBAL_ACCENT_COLOR_NAME = AccentColor;
				CODE_SIGN_ENTITLEMENTS = NearFuture/NearFuture.entitlements;
				CODE_SIGN_STYLE = Automatic;
				CURRENT_PROJECT_VERSION = "$(BUILD_NUMBER)";
				DEAD_CODE_STRIPPING = YES;
				DEVELOPMENT_ASSET_PATHS = "\"NearFuture/Preview Content\"";
				DEVELOPMENT_TEAM = "$(TEAM_ID)";
				ENABLE_HARDENED_RUNTIME = NO;
				ENABLE_PREVIEWS = YES;
				GENERATE_INFOPLIST_FILE = YES;
				INFOPLIST_FILE = NearFuture/Info.plist;
				INFOPLIST_KEY_CFBundleDisplayName = "$(NAME)";
				INFOPLIST_KEY_ITSAppUsesNonExemptEncryption = NO;
				"INFOPLIST_KEY_UIApplicationSceneManifest_Generation[sdk=iphoneos*]" = YES;
				"INFOPLIST_KEY_UIApplicationSceneManifest_Generation[sdk=iphonesimulator*]" = YES;
				"INFOPLIST_KEY_UIApplicationSupportsIndirectInputEvents[sdk=iphoneos*]" = YES;
				"INFOPLIST_KEY_UIApplicationSupportsIndirectInputEvents[sdk=iphonesimulator*]" = YES;
				"INFOPLIST_KEY_UILaunchScreen_Generation[sdk=iphoneos*]" = YES;
				"INFOPLIST_KEY_UILaunchScreen_Generation[sdk=iphonesimulator*]" = YES;
				"INFOPLIST_KEY_UIStatusBarStyle[sdk=iphoneos*]" = UIStatusBarStyleDefault;
				"INFOPLIST_KEY_UIStatusBarStyle[sdk=iphonesimulator*]" = UIStatusBarStyleDefault;
				INFOPLIST_KEY_UISupportedInterfaceOrientations_iPad = "UIInterfaceOrientationPortrait UIInterfaceOrientationPortraitUpsideDown UIInterfaceOrientationLandscapeLeft UIInterfaceOrientationLandscapeRight";
				INFOPLIST_KEY_UISupportedInterfaceOrientations_iPhone = "UIInterfaceOrientationPortrait UIInterfaceOrientationLandscapeLeft UIInterfaceOrientationLandscapeRight";
				IPHONEOS_DEPLOYMENT_TARGET = 16;
				LD_RUNPATH_SEARCH_PATHS = "@executable_path/Frameworks";
				"LD_RUNPATH_SEARCH_PATHS[sdk=macosx*]" = "@executable_path/../Frameworks";
				MACOSX_DEPLOYMENT_TARGET = 13;
				MARKETING_VERSION = "$(VERSION)";
				OTHER_LDFLAGS = "";
				PRODUCT_BUNDLE_IDENTIFIER = "$(BUNDLE_ID)";
				PRODUCT_NAME = "$(TARGET_NAME)";
				REGISTER_APP_GROUPS = YES;
				SDKROOT = auto;
				SUPPORTED_PLATFORMS = "iphoneos iphonesimulator";
				SUPPORTS_MACCATALYST = YES;
				SUPPORTS_MAC_DESIGNED_FOR_IPHONE_IPAD = YES;
				SUPPORTS_XR_DESIGNED_FOR_IPHONE_IPAD = YES;
				SWIFT_EMIT_LOC_STRINGS = YES;
				SWIFT_VERSION = 5.0;
				TARGETED_DEVICE_FAMILY = "1,2";
			};
			name = Release;
		};
		A979F6162D270AF90094C0B3 /* Debug */ = {
			isa = XCBuildConfiguration;
			baseConfigurationReference = A90FDE222DC0D4310012790C /* Config.xcconfig */;
			buildSettings = {
				ASSETCATALOG_COMPILER_GLOBAL_ACCENT_COLOR_NAME = AccentColor;
				ASSETCATALOG_COMPILER_WIDGET_BACKGROUND_COLOR_NAME = WidgetBackground;
				CODE_SIGN_ENTITLEMENTS = NearFutureWidgets/NearFutureWidgetsExtension.entitlements;
				CODE_SIGN_STYLE = Automatic;
				CURRENT_PROJECT_VERSION = "$(BUILD_NUMBER)";
				DEVELOPMENT_TEAM = "$(TEAM_ID)";
				GENERATE_INFOPLIST_FILE = YES;
				INFOPLIST_FILE = NearFutureWidgets/Info.plist;
				INFOPLIST_KEY_CFBundleDisplayName = NearFutureWidgets;
				INFOPLIST_KEY_NSHumanReadableCopyright = "";
				IPHONEOS_DEPLOYMENT_TARGET = 17;
				LD_RUNPATH_SEARCH_PATHS = (
					"$(inherited)",
					"@executable_path/Frameworks",
					"@executable_path/../../Frameworks",
				);
				MACOSX_DEPLOYMENT_TARGET = 14;
				MARKETING_VERSION = "$(VERSION)";
				OTHER_LDFLAGS = (
					"-Xlinker",
					"-interposable",
				);
				PRODUCT_BUNDLE_IDENTIFIER = "$(BUNDLE_ID_WIDGETS)";
				PRODUCT_NAME = "$(TARGET_NAME)";
				REGISTER_APP_GROUPS = YES;
				SDKROOT = iphoneos;
				SKIP_INSTALL = YES;
				SUPPORTED_PLATFORMS = "iphoneos iphonesimulator";
				SUPPORTS_MACCATALYST = YES;
				SWIFT_EMIT_LOC_STRINGS = YES;
				SWIFT_VERSION = 5.0;
				TARGETED_DEVICE_FAMILY = "1,2";
				VERSION = "$(VERSION)";
			};
			name = Debug;
		};
		A979F6172D270AF90094C0B3 /* Release */ = {
			isa = XCBuildConfiguration;
			baseConfigurationReference = A90FDE222DC0D4310012790C /* Config.xcconfig */;
			buildSettings = {
				ASSETCATALOG_COMPILER_GLOBAL_ACCENT_COLOR_NAME = AccentColor;
				ASSETCATALOG_COMPILER_WIDGET_BACKGROUND_COLOR_NAME = WidgetBackground;
				CODE_SIGN_ENTITLEMENTS = NearFutureWidgets/NearFutureWidgetsExtension.entitlements;
				CODE_SIGN_STYLE = Automatic;
				CURRENT_PROJECT_VERSION = "$(BUILD_NUMBER)";
				DEVELOPMENT_TEAM = "$(TEAM_ID)";
				GENERATE_INFOPLIST_FILE = YES;
				INFOPLIST_FILE = NearFutureWidgets/Info.plist;
				INFOPLIST_KEY_CFBundleDisplayName = NearFutureWidgets;
				INFOPLIST_KEY_NSHumanReadableCopyright = "";
				IPHONEOS_DEPLOYMENT_TARGET = 17;
				LD_RUNPATH_SEARCH_PATHS = (
					"$(inherited)",
					"@executable_path/Frameworks",
					"@executable_path/../../Frameworks",
				);
				MACOSX_DEPLOYMENT_TARGET = 14;
				MARKETING_VERSION = "$(VERSION)";
				PRODUCT_BUNDLE_IDENTIFIER = "$(BUNDLE_ID_WIDGETS)";
				PRODUCT_NAME = "$(TARGET_NAME)";
				REGISTER_APP_GROUPS = YES;
				SDKROOT = iphoneos;
				SKIP_INSTALL = YES;
				SUPPORTED_PLATFORMS = "iphoneos iphonesimulator";
				SUPPORTS_MACCATALYST = YES;
				SWIFT_EMIT_LOC_STRINGS = YES;
				SWIFT_VERSION = 5.0;
				TARGETED_DEVICE_FAMILY = "1,2";
				VALIDATE_PRODUCT = YES;
				VERSION = "$(VERSION)";
			};
			name = Release;
		};
		A980FC3E2D93FB2B006A778F /* Debug */ = {
			isa = XCBuildConfiguration;
			baseConfigurationReference = A90FDE222DC0D4310012790C /* Config.xcconfig */;
			buildSettings = {
				BUNDLE_LOADER = "$(TEST_HOST)";
				CODE_SIGN_STYLE = Automatic;
				CURRENT_PROJECT_VERSION = 1;
				GENERATE_INFOPLIST_FILE = YES;
				IPHONEOS_DEPLOYMENT_TARGET = 16;
				MACOSX_DEPLOYMENT_TARGET = 13;
				MARKETING_VERSION = 1.0;
				PRODUCT_BUNDLE_IDENTIFIER = dev.neon443.NearFutureTests;
				PRODUCT_NAME = "$(TARGET_NAME)";
				SDKROOT = auto;
				SUPPORTED_PLATFORMS = "iphoneos iphonesimulator";
				SUPPORTS_MACCATALYST = NO;
				SUPPORTS_MAC_DESIGNED_FOR_IPHONE_IPAD = YES;
				SUPPORTS_XR_DESIGNED_FOR_IPHONE_IPAD = YES;
				SWIFT_EMIT_LOC_STRINGS = NO;
				SWIFT_VERSION = 5.0;
				TARGETED_DEVICE_FAMILY = "1,2";
				TEST_HOST = "$(BUILT_PRODUCTS_DIR)/NearFuture.app/$(BUNDLE_EXECUTABLE_FOLDER_PATH)/NearFuture";
				XROS_DEPLOYMENT_TARGET = 1;
			};
			name = Debug;
		};
		A980FC3F2D93FB2B006A778F /* Release */ = {
			isa = XCBuildConfiguration;
			baseConfigurationReference = A90FDE222DC0D4310012790C /* Config.xcconfig */;
			buildSettings = {
				BUNDLE_LOADER = "$(TEST_HOST)";
				CODE_SIGN_STYLE = Automatic;
				CURRENT_PROJECT_VERSION = 1;
				GENERATE_INFOPLIST_FILE = YES;
				IPHONEOS_DEPLOYMENT_TARGET = 16;
				MACOSX_DEPLOYMENT_TARGET = 13;
				MARKETING_VERSION = 1.0;
				PRODUCT_BUNDLE_IDENTIFIER = dev.neon443.NearFutureTests;
				PRODUCT_NAME = "$(TARGET_NAME)";
				SDKROOT = auto;
				SUPPORTED_PLATFORMS = "iphoneos iphonesimulator";
				SUPPORTS_MACCATALYST = NO;
				SUPPORTS_MAC_DESIGNED_FOR_IPHONE_IPAD = YES;
				SUPPORTS_XR_DESIGNED_FOR_IPHONE_IPAD = YES;
				SWIFT_EMIT_LOC_STRINGS = NO;
				SWIFT_VERSION = 5.0;
				TARGETED_DEVICE_FAMILY = "1,2";
				TEST_HOST = "$(BUILT_PRODUCTS_DIR)/NearFuture.app/$(BUNDLE_EXECUTABLE_FOLDER_PATH)/NearFuture";
				XROS_DEPLOYMENT_TARGET = 1;
			};
			name = Release;
		};
/* End XCBuildConfiguration section */

/* Begin XCConfigurationList section */
		A920C27F2D24011300E4F9B1 /* Build configuration list for PBXProject "NearFuture" */ = {
			isa = XCConfigurationList;
			buildConfigurations = (
				A920C2A92D24011B00E4F9B1 /* Debug */,
				A920C2AA2D24011B00E4F9B1 /* Release */,
			);
			defaultConfigurationIsVisible = 0;
			defaultConfigurationName = Release;
		};
		A920C2AB2D24011B00E4F9B1 /* Build configuration list for PBXNativeTarget "NearFuture" */ = {
			isa = XCConfigurationList;
			buildConfigurations = (
				A920C2AC2D24011B00E4F9B1 /* Debug */,
				A920C2AD2D24011B00E4F9B1 /* Release */,
			);
			defaultConfigurationIsVisible = 0;
			defaultConfigurationName = Release;
		};
		A979F6152D270AF90094C0B3 /* Build configuration list for PBXNativeTarget "NearFutureWidgetsExtension" */ = {
			isa = XCConfigurationList;
			buildConfigurations = (
				A979F6162D270AF90094C0B3 /* Debug */,
				A979F6172D270AF90094C0B3 /* Release */,
			);
			defaultConfigurationIsVisible = 0;
			defaultConfigurationName = Release;
		};
		A980FC3D2D93FB2B006A778F /* Build configuration list for PBXNativeTarget "NearFutureTests" */ = {
			isa = XCConfigurationList;
			buildConfigurations = (
				A980FC3E2D93FB2B006A778F /* Debug */,
				A980FC3F2D93FB2B006A778F /* Release */,
			);
			defaultConfigurationIsVisible = 0;
			defaultConfigurationName = Release;
		};
/* End XCConfigurationList section */

/* Begin XCRemoteSwiftPackageReference section */
		A920C2BC2D24021900E4F9B1 /* XCRemoteSwiftPackageReference "SFSymbolsPicker" */ = {
			isa = XCRemoteSwiftPackageReference;
			repositoryURL = "https://github.com/alessiorubicini/SFSymbolsPicker";
			requirement = {
				kind = upToNextMajorVersion;
				minimumVersion = 1.0.6;
			};
		};
/* End XCRemoteSwiftPackageReference section */

/* Begin XCSwiftPackageProductDependency section */
		A920C2BD2D24021A00E4F9B1 /* SFSymbolsPicker */ = {
			isa = XCSwiftPackageProductDependency;
			package = A920C2BC2D24021900E4F9B1 /* XCRemoteSwiftPackageReference "SFSymbolsPicker" */;
			productName = SFSymbolsPicker;
		};
/* End XCSwiftPackageProductDependency section */
	};
	rootObject = A920C27C2D24011300E4F9B1 /* Project object */;
}
